// !$*UTF8*$!
{
	archiveVersion = 1;
	classes = {
	};
	objectVersion = 50;
	objects = {

/* Begin PBXBuildFile section */
		1911AD1E240E20BC006FB7A3 /* AppDelegate.m in Sources */ = {isa = PBXBuildFile; fileRef = 1911AD1D240E20BC006FB7A3 /* AppDelegate.m */; };
		1911AD27240E20BC006FB7A3 /* Main.storyboard in Resources */ = {isa = PBXBuildFile; fileRef = 1911AD25240E20BC006FB7A3 /* Main.storyboard */; };
		1911AD29240E20BE006FB7A3 /* Assets.xcassets in Resources */ = {isa = PBXBuildFile; fileRef = 1911AD28240E20BE006FB7A3 /* Assets.xcassets */; };
		1911AD2C240E20BE006FB7A3 /* LaunchScreen.storyboard in Resources */ = {isa = PBXBuildFile; fileRef = 1911AD2A240E20BE006FB7A3 /* LaunchScreen.storyboard */; };
		1911AD2F240E20BE006FB7A3 /* main.m in Sources */ = {isa = PBXBuildFile; fileRef = 1911AD2E240E20BE006FB7A3 /* main.m */; };
		191D59B2241111B2005632D0 /* MjtTabBarController.m in Sources */ = {isa = PBXBuildFile; fileRef = 191D59B1241111B2005632D0 /* MjtTabBarController.m */; };
		191D59B5241112E1005632D0 /* MjtNavigationController.m in Sources */ = {isa = PBXBuildFile; fileRef = 191D59B4241112E1005632D0 /* MjtNavigationController.m */; };
		191D59B824111327005632D0 /* HomeViewController.m in Sources */ = {isa = PBXBuildFile; fileRef = 191D59B724111327005632D0 /* HomeViewController.m */; };
		191D59BB2411134F005632D0 /* MineViewController.m in Sources */ = {isa = PBXBuildFile; fileRef = 191D59BA2411134F005632D0 /* MineViewController.m */; };
		191D59C124111390005632D0 /* DesignViewController.m in Sources */ = {isa = PBXBuildFile; fileRef = 191D59C024111390005632D0 /* DesignViewController.m */; };
		191D59C4241113AB005632D0 /* MallViewController.m in Sources */ = {isa = PBXBuildFile; fileRef = 191D59C3241113AB005632D0 /* MallViewController.m */; };
		191D59E22411197A005632D0 /* UITextView+Extension.m in Sources */ = {isa = PBXBuildFile; fileRef = 191D59C624111979005632D0 /* UITextView+Extension.m */; };
		191D59E32411197A005632D0 /* NullSafe.m in Sources */ = {isa = PBXBuildFile; fileRef = 191D59C724111979005632D0 /* NullSafe.m */; };
		191D59E42411197A005632D0 /* UIButton+touch.m in Sources */ = {isa = PBXBuildFile; fileRef = 191D59C924111979005632D0 /* UIButton+touch.m */; };
		191D59E62411197A005632D0 /* UIImage+Extension.m in Sources */ = {isa = PBXBuildFile; fileRef = 191D59CB24111979005632D0 /* UIImage+Extension.m */; };
		191D59E82411197A005632D0 /* UITabBar+Extension.m in Sources */ = {isa = PBXBuildFile; fileRef = 191D59D02411197A005632D0 /* UITabBar+Extension.m */; };
		191D59E92411197A005632D0 /* UIButton+Extension.m in Sources */ = {isa = PBXBuildFile; fileRef = 191D59D12411197A005632D0 /* UIButton+Extension.m */; };
		191D59EA2411197A005632D0 /* UIView+Extension.m in Sources */ = {isa = PBXBuildFile; fileRef = 191D59D22411197A005632D0 /* UIView+Extension.m */; };
		191D59EB2411197A005632D0 /* UIColor+Extension.m in Sources */ = {isa = PBXBuildFile; fileRef = 191D59D42411197A005632D0 /* UIColor+Extension.m */; };
		191D59ED2411197A005632D0 /* UIButton+Delay.m in Sources */ = {isa = PBXBuildFile; fileRef = 191D59D62411197A005632D0 /* UIButton+Delay.m */; };
		191D59EF2411197A005632D0 /* NSString+Extension.m in Sources */ = {isa = PBXBuildFile; fileRef = 191D59DA2411197A005632D0 /* NSString+Extension.m */; };
		191D59F02411197A005632D0 /* UILabel+Utility.m in Sources */ = {isa = PBXBuildFile; fileRef = 191D59E02411197A005632D0 /* UILabel+Utility.m */; };
		19341B512428835D00CB82E0 /* me_home.json in Resources */ = {isa = PBXBuildFile; fileRef = 19341B502428835D00CB82E0 /* me_home.json */; };
		193F275524122EC90000EB3B /* MJTConstant.m in Sources */ = {isa = PBXBuildFile; fileRef = 193F275424122EC80000EB3B /* MJTConstant.m */; };
		193F275824125CE80000EB3B /* MjtView.m in Sources */ = {isa = PBXBuildFile; fileRef = 193F275724125CE80000EB3B /* MjtView.m */; };
		193F275B2412653B0000EB3B /* MjtTipView.m in Sources */ = {isa = PBXBuildFile; fileRef = 193F275A2412653B0000EB3B /* MjtTipView.m */; };
		193F275E24128ABE0000EB3B /* MjtGuideView.m in Sources */ = {isa = PBXBuildFile; fileRef = 193F275D24128ABE0000EB3B /* MjtGuideView.m */; };
		193F276124128B200000EB3B /* MjtButton.m in Sources */ = {isa = PBXBuildFile; fileRef = 193F275F24128B200000EB3B /* MjtButton.m */; };
		193F276324128D0B0000EB3B /* guide.json in Resources */ = {isa = PBXBuildFile; fileRef = 193F276224128D0B0000EB3B /* guide.json */; };
		193F2766241298B80000EB3B /* MjtBaseButton.m in Sources */ = {isa = PBXBuildFile; fileRef = 193F2765241298B80000EB3B /* MjtBaseButton.m */; };
		193F27692413A9EA0000EB3B /* MjtSpecialPriceCell.m in Sources */ = {isa = PBXBuildFile; fileRef = 193F27682413A9EA0000EB3B /* MjtSpecialPriceCell.m */; };
		193F276C2413D05A0000EB3B /* MjtRecommendView.m in Sources */ = {isa = PBXBuildFile; fileRef = 193F276B2413D05A0000EB3B /* MjtRecommendView.m */; };
		193F279024152D3B0000EB3B /* JFCSBaseInfoModel.m in Sources */ = {isa = PBXBuildFile; fileRef = 193F277324152D3B0000EB3B /* JFCSBaseInfoModel.m */; };
		193F279124152D3B0000EB3B /* JFCSCityModel.m in Sources */ = {isa = PBXBuildFile; fileRef = 193F277424152D3B0000EB3B /* JFCSCityModel.m */; };
		193F279224152D3B0000EB3B /* JFCSFileManager.m in Sources */ = {isa = PBXBuildFile; fileRef = 193F277824152D3B0000EB3B /* JFCSFileManager.m */; };
		193F279324152D3B0000EB3B /* .gitkeep in Resources */ = {isa = PBXBuildFile; fileRef = 193F277A24152D3B0000EB3B /* .gitkeep */; };
		193F279424152D3B0000EB3B /* JFCSTopToolsTableViewCell.m in Sources */ = {isa = PBXBuildFile; fileRef = 193F277B24152D3B0000EB3B /* JFCSTopToolsTableViewCell.m */; };
		193F279524152D3B0000EB3B /* JFCSTableViewHeaderView.m in Sources */ = {isa = PBXBuildFile; fileRef = 193F277C24152D3B0000EB3B /* JFCSTableViewHeaderView.m */; };
		193F279624152D3B0000EB3B /* JFCSTableViewController.m in Sources */ = {isa = PBXBuildFile; fileRef = 193F277D24152D3B0000EB3B /* JFCSTableViewController.m */; };
		193F279724152D3B0000EB3B /* JFCSPopularCitiesModel.m in Sources */ = {isa = PBXBuildFile; fileRef = 193F277E24152D3B0000EB3B /* JFCSPopularCitiesModel.m */; };
		193F279824152D3B0000EB3B /* JFCSConfiguration.m in Sources */ = {isa = PBXBuildFile; fileRef = 193F278224152D3B0000EB3B /* JFCSConfiguration.m */; };
		193F279924152D3B0000EB3B /* JFCSProvinceModel.m in Sources */ = {isa = PBXBuildFile; fileRef = 193F278324152D3B0000EB3B /* JFCSProvinceModel.m */; };
		193F279A24152D3B0000EB3B /* JFCSAreaModel.m in Sources */ = {isa = PBXBuildFile; fileRef = 193F278424152D3B0000EB3B /* JFCSAreaModel.m */; };
		193F279B24152D3B0000EB3B /* JFCSSearchTableViewController.m in Sources */ = {isa = PBXBuildFile; fileRef = 193F278824152D3B0000EB3B /* JFCSSearchTableViewController.m */; };
		193F279C24152D3B0000EB3B /* JFCSDataOpreation.m in Sources */ = {isa = PBXBuildFile; fileRef = 193F278924152D3B0000EB3B /* JFCSDataOpreation.m */; };
		193F279D24152D3B0000EB3B /* JFCSData.m in Sources */ = {isa = PBXBuildFile; fileRef = 193F278A24152D3B0000EB3B /* JFCSData.m */; };
		193F279E24152D3B0000EB3B /* JFCitySelector.bundle in Resources */ = {isa = PBXBuildFile; fileRef = 193F278F24152D3B0000EB3B /* JFCitySelector.bundle */; };
		193F27A124152EF70000EB3B /* UIViewController+LL_Utils.m in Sources */ = {isa = PBXBuildFile; fileRef = 193F27A024152EF70000EB3B /* UIViewController+LL_Utils.m */; };
		193F27A3241765FA0000EB3B /* me_order.json in Resources */ = {isa = PBXBuildFile; fileRef = 193F27A2241765FA0000EB3B /* me_order.json */; };
		193F27A924177C9D0000EB3B /* MjtMessageBaseVC.m in Sources */ = {isa = PBXBuildFile; fileRef = 193F27A824177C9D0000EB3B /* MjtMessageBaseVC.m */; };
		193F27AC24177E640000EB3B /* MjtSysMessageVC.m in Sources */ = {isa = PBXBuildFile; fileRef = 193F27AB24177E640000EB3B /* MjtSysMessageVC.m */; };
		193F27AF24177E940000EB3B /* MjtOrderMessageVC.m in Sources */ = {isa = PBXBuildFile; fileRef = 193F27AE24177E940000EB3B /* MjtOrderMessageVC.m */; };
		193F27B2241786CC0000EB3B /* MjtMessageListVC.m in Sources */ = {isa = PBXBuildFile; fileRef = 193F27B1241786CC0000EB3B /* MjtMessageListVC.m */; };
		193F27B82417877A0000EB3B /* XLBaseTableController.m in Sources */ = {isa = PBXBuildFile; fileRef = 193F27B42417877A0000EB3B /* XLBaseTableController.m */; };
		193F27B92417877A0000EB3B /* UIScrollView+EmptyDataSet.m in Sources */ = {isa = PBXBuildFile; fileRef = 193F27B52417877A0000EB3B /* UIScrollView+EmptyDataSet.m */; };
		193F27C32417998C0000EB3B /* MjtLoginVC.m in Sources */ = {isa = PBXBuildFile; fileRef = 193F27C22417998C0000EB3B /* MjtLoginVC.m */; };
		193F27CA2418C0E20000EB3B /* MjtRegisterVC.m in Sources */ = {isa = PBXBuildFile; fileRef = 193F27C92418C0E20000EB3B /* MjtRegisterVC.m */; };
		193F27CD2418C38F0000EB3B /* MjtTextField.m in Sources */ = {isa = PBXBuildFile; fileRef = 193F27CC2418C38F0000EB3B /* MjtTextField.m */; };
		193F27D12418CE320000EB3B /* GSProxy.m in Sources */ = {isa = PBXBuildFile; fileRef = 193F27CF2418CE320000EB3B /* GSProxy.m */; };
		193F27D4241A0DB10000EB3B /* MjtWebView.m in Sources */ = {isa = PBXBuildFile; fileRef = 193F27D3241A0DB10000EB3B /* MjtWebView.m */; };
		193F27DA241A265C0000EB3B /* MjtSettingItemModel.m in Sources */ = {isa = PBXBuildFile; fileRef = 193F27D9241A265C0000EB3B /* MjtSettingItemModel.m */; };
		193F27DD241A27610000EB3B /* MjtSettingSectionModel.m in Sources */ = {isa = PBXBuildFile; fileRef = 193F27DC241A27610000EB3B /* MjtSettingSectionModel.m */; };
		193F27E0241A27AE0000EB3B /* MjtSettingCell.m in Sources */ = {isa = PBXBuildFile; fileRef = 193F27DF241A27AE0000EB3B /* MjtSettingCell.m */; };
		193F27E3241A29A30000EB3B /* MjtSettingVC.m in Sources */ = {isa = PBXBuildFile; fileRef = 193F27E2241A29A30000EB3B /* MjtSettingVC.m */; };
		19D609DF2422282600DE37B8 /* MjtAddressListVC.m in Sources */ = {isa = PBXBuildFile; fileRef = 19D609DE2422282600DE37B8 /* MjtAddressListVC.m */; };
		19D609E92422298B00DE37B8 /* YWAddressTableViewCell2.xib in Resources */ = {isa = PBXBuildFile; fileRef = 19D609E02422298A00DE37B8 /* YWAddressTableViewCell2.xib */; };
		19D609EA2422298B00DE37B8 /* YWAddressTableViewCell3.m in Sources */ = {isa = PBXBuildFile; fileRef = 19D609E12422298B00DE37B8 /* YWAddressTableViewCell3.m */; };
		19D609EB2422298B00DE37B8 /* YWAddressTableViewCell2.m in Sources */ = {isa = PBXBuildFile; fileRef = 19D609E22422298B00DE37B8 /* YWAddressTableViewCell2.m */; };
		19D609EC2422298B00DE37B8 /* YWAddressTableViewCell1.m in Sources */ = {isa = PBXBuildFile; fileRef = 19D609E32422298B00DE37B8 /* YWAddressTableViewCell1.m */; };
		19D609ED2422298B00DE37B8 /* YWAddressTableViewCell3.xib in Resources */ = {isa = PBXBuildFile; fileRef = 19D609E42422298B00DE37B8 /* YWAddressTableViewCell3.xib */; };
		19D609EE2422298B00DE37B8 /* YWAddressTableViewCell1.xib in Resources */ = {isa = PBXBuildFile; fileRef = 19D609E52422298B00DE37B8 /* YWAddressTableViewCell1.xib */; };
		19D609F1242229A300DE37B8 /* YWAddressInfoModel.m in Sources */ = {isa = PBXBuildFile; fileRef = 19D609F0242229A300DE37B8 /* YWAddressInfoModel.m */; };
		19D609F4242229BC00DE37B8 /* YWAddressViewController.m in Sources */ = {isa = PBXBuildFile; fileRef = 19D609F2242229BC00DE37B8 /* YWAddressViewController.m */; };
		19D60A092422302200DE37B8 /* YWTool.m in Sources */ = {isa = PBXBuildFile; fileRef = 19D60A062422302200DE37B8 /* YWTool.m */; };
		19D60A0C242233A200DE37B8 /* Cities.json in Resources */ = {isa = PBXBuildFile; fileRef = 19D60A0B242233A200DE37B8 /* Cities.json */; };
		19D60A1D2423172A00DE37B8 /* ZHFAddTitleAddressView.m in Sources */ = {isa = PBXBuildFile; fileRef = 19D60A0F2423172A00DE37B8 /* ZHFAddTitleAddressView.m */; };
		19D60A1E2423172A00DE37B8 /* TownModel.m in Sources */ = {isa = PBXBuildFile; fileRef = 19D60A102423172A00DE37B8 /* TownModel.m */; };
		19D60A1F2423172A00DE37B8 /* CityModel.m in Sources */ = {isa = PBXBuildFile; fileRef = 19D60A112423172A00DE37B8 /* CityModel.m */; };
		19D60A202423172A00DE37B8 /* HttpRequest.m in Sources */ = {isa = PBXBuildFile; fileRef = 19D60A122423172A00DE37B8 /* HttpRequest.m */; };
		19D60A212423172A00DE37B8 /* AddressCell.m in Sources */ = {isa = PBXBuildFile; fileRef = 19D60A152423172A00DE37B8 /* AddressCell.m */; };
		19D60A222423172A00DE37B8 /* ProvinceModel.m in Sources */ = {isa = PBXBuildFile; fileRef = 19D60A172423172A00DE37B8 /* ProvinceModel.m */; };
		19D60A232423172A00DE37B8 /* CountyModel.m in Sources */ = {isa = PBXBuildFile; fileRef = 19D60A1B2423172A00DE37B8 /* CountyModel.m */; };
		19D60A242423172A00DE37B8 /* location.txt in Resources */ = {isa = PBXBuildFile; fileRef = 19D60A1C2423172A00DE37B8 /* location.txt */; };
		19D60A27242326DC00DE37B8 /* MjtAddressCell.m in Sources */ = {isa = PBXBuildFile; fileRef = 19D60A26242326DC00DE37B8 /* MjtAddressCell.m */; };
		19D60A2A2423496D00DE37B8 /* MjtAddressModel.m in Sources */ = {isa = PBXBuildFile; fileRef = 19D60A292423496D00DE37B8 /* MjtAddressModel.m */; };
		19D60A2D2423723300DE37B8 /* MjtLocationManager.m in Sources */ = {isa = PBXBuildFile; fileRef = 19D60A2C2423723300DE37B8 /* MjtLocationManager.m */; };
		19D60A34242494A700DE37B8 /* MjtDesignCell.m in Sources */ = {isa = PBXBuildFile; fileRef = 19D60A32242494A700DE37B8 /* MjtDesignCell.m */; };
		19D60A35242494A700DE37B8 /* MjtDesignCell.xib in Resources */ = {isa = PBXBuildFile; fileRef = 19D60A33242494A700DE37B8 /* MjtDesignCell.xib */; };
		1AD52F3ED1988639EFD57841 /* libPods-MeijiaRabbit.a in Frameworks */ = {isa = PBXBuildFile; fileRef = FCEA2ABD1D34B189B2303651 /* libPods-MeijiaRabbit.a */; };
/* End PBXBuildFile section */

/* Begin PBXFileReference section */
		1911AD19240E20BC006FB7A3 /* 美嘉兔.app */ = {isa = PBXFileReference; explicitFileType = wrapper.application; includeInIndex = 0; path = "美嘉兔.app"; sourceTree = BUILT_PRODUCTS_DIR; };
		1911AD1C240E20BC006FB7A3 /* AppDelegate.h */ = {isa = PBXFileReference; lastKnownFileType = sourcecode.c.h; path = AppDelegate.h; sourceTree = "<group>"; };
		1911AD1D240E20BC006FB7A3 /* AppDelegate.m */ = {isa = PBXFileReference; lastKnownFileType = sourcecode.c.objc; path = AppDelegate.m; sourceTree = "<group>"; };
		1911AD26240E20BC006FB7A3 /* Base */ = {isa = PBXFileReference; lastKnownFileType = file.storyboard; name = Base; path = Base.lproj/Main.storyboard; sourceTree = "<group>"; };
		1911AD28240E20BE006FB7A3 /* Assets.xcassets */ = {isa = PBXFileReference; lastKnownFileType = folder.assetcatalog; path = Assets.xcassets; sourceTree = "<group>"; };
		1911AD2B240E20BE006FB7A3 /* Base */ = {isa = PBXFileReference; lastKnownFileType = file.storyboard; name = Base; path = Base.lproj/LaunchScreen.storyboard; sourceTree = "<group>"; };
		1911AD2D240E20BE006FB7A3 /* Info.plist */ = {isa = PBXFileReference; lastKnownFileType = text.plist.xml; path = Info.plist; sourceTree = "<group>"; };
		1911AD2E240E20BE006FB7A3 /* main.m */ = {isa = PBXFileReference; lastKnownFileType = sourcecode.c.objc; path = main.m; sourceTree = "<group>"; };
		191D59B0241111B2005632D0 /* MjtTabBarController.h */ = {isa = PBXFileReference; lastKnownFileType = sourcecode.c.h; path = MjtTabBarController.h; sourceTree = "<group>"; };
		191D59B1241111B2005632D0 /* MjtTabBarController.m */ = {isa = PBXFileReference; lastKnownFileType = sourcecode.c.objc; path = MjtTabBarController.m; sourceTree = "<group>"; };
		191D59B3241112E1005632D0 /* MjtNavigationController.h */ = {isa = PBXFileReference; lastKnownFileType = sourcecode.c.h; path = MjtNavigationController.h; sourceTree = "<group>"; };
		191D59B4241112E1005632D0 /* MjtNavigationController.m */ = {isa = PBXFileReference; lastKnownFileType = sourcecode.c.objc; path = MjtNavigationController.m; sourceTree = "<group>"; };
		191D59B624111327005632D0 /* HomeViewController.h */ = {isa = PBXFileReference; lastKnownFileType = sourcecode.c.h; path = HomeViewController.h; sourceTree = "<group>"; };
		191D59B724111327005632D0 /* HomeViewController.m */ = {isa = PBXFileReference; lastKnownFileType = sourcecode.c.objc; path = HomeViewController.m; sourceTree = "<group>"; };
		191D59B92411134F005632D0 /* MineViewController.h */ = {isa = PBXFileReference; lastKnownFileType = sourcecode.c.h; path = MineViewController.h; sourceTree = "<group>"; };
		191D59BA2411134F005632D0 /* MineViewController.m */ = {isa = PBXFileReference; lastKnownFileType = sourcecode.c.objc; path = MineViewController.m; sourceTree = "<group>"; };
		191D59BF24111390005632D0 /* DesignViewController.h */ = {isa = PBXFileReference; lastKnownFileType = sourcecode.c.h; path = DesignViewController.h; sourceTree = "<group>"; };
		191D59C024111390005632D0 /* DesignViewController.m */ = {isa = PBXFileReference; lastKnownFileType = sourcecode.c.objc; path = DesignViewController.m; sourceTree = "<group>"; };
		191D59C2241113AB005632D0 /* MallViewController.h */ = {isa = PBXFileReference; lastKnownFileType = sourcecode.c.h; path = MallViewController.h; sourceTree = "<group>"; };
		191D59C3241113AB005632D0 /* MallViewController.m */ = {isa = PBXFileReference; lastKnownFileType = sourcecode.c.objc; path = MallViewController.m; sourceTree = "<group>"; };
		191D59C524111979005632D0 /* UILabel+Utility.h */ = {isa = PBXFileReference; fileEncoding = 4; lastKnownFileType = sourcecode.c.h; path = "UILabel+Utility.h"; sourceTree = "<group>"; };
		191D59C624111979005632D0 /* UITextView+Extension.m */ = {isa = PBXFileReference; fileEncoding = 4; lastKnownFileType = sourcecode.c.objc; path = "UITextView+Extension.m"; sourceTree = "<group>"; };
		191D59C724111979005632D0 /* NullSafe.m */ = {isa = PBXFileReference; fileEncoding = 4; lastKnownFileType = sourcecode.c.objc; path = NullSafe.m; sourceTree = "<group>"; };
		191D59C824111979005632D0 /* UIView+Extension.h */ = {isa = PBXFileReference; fileEncoding = 4; lastKnownFileType = sourcecode.c.h; path = "UIView+Extension.h"; sourceTree = "<group>"; };
		191D59C924111979005632D0 /* UIButton+touch.m */ = {isa = PBXFileReference; fileEncoding = 4; lastKnownFileType = sourcecode.c.objc; path = "UIButton+touch.m"; sourceTree = "<group>"; };
		191D59CB24111979005632D0 /* UIImage+Extension.m */ = {isa = PBXFileReference; fileEncoding = 4; lastKnownFileType = sourcecode.c.objc; path = "UIImage+Extension.m"; sourceTree = "<group>"; };
		191D59CF2411197A005632D0 /* UIButton+touch.h */ = {isa = PBXFileReference; fileEncoding = 4; lastKnownFileType = sourcecode.c.h; path = "UIButton+touch.h"; sourceTree = "<group>"; };
		191D59D02411197A005632D0 /* UITabBar+Extension.m */ = {isa = PBXFileReference; fileEncoding = 4; lastKnownFileType = sourcecode.c.objc; path = "UITabBar+Extension.m"; sourceTree = "<group>"; };
		191D59D12411197A005632D0 /* UIButton+Extension.m */ = {isa = PBXFileReference; fileEncoding = 4; lastKnownFileType = sourcecode.c.objc; path = "UIButton+Extension.m"; sourceTree = "<group>"; };
		191D59D22411197A005632D0 /* UIView+Extension.m */ = {isa = PBXFileReference; fileEncoding = 4; lastKnownFileType = sourcecode.c.objc; path = "UIView+Extension.m"; sourceTree = "<group>"; };
		191D59D42411197A005632D0 /* UIColor+Extension.m */ = {isa = PBXFileReference; fileEncoding = 4; lastKnownFileType = sourcecode.c.objc; path = "UIColor+Extension.m"; sourceTree = "<group>"; };
		191D59D62411197A005632D0 /* UIButton+Delay.m */ = {isa = PBXFileReference; fileEncoding = 4; lastKnownFileType = sourcecode.c.objc; path = "UIButton+Delay.m"; sourceTree = "<group>"; };
		191D59D72411197A005632D0 /* UIColor+Extension.h */ = {isa = PBXFileReference; fileEncoding = 4; lastKnownFileType = sourcecode.c.h; path = "UIColor+Extension.h"; sourceTree = "<group>"; };
		191D59D92411197A005632D0 /* UIButton+Extension.h */ = {isa = PBXFileReference; fileEncoding = 4; lastKnownFileType = sourcecode.c.h; path = "UIButton+Extension.h"; sourceTree = "<group>"; };
		191D59DA2411197A005632D0 /* NSString+Extension.m */ = {isa = PBXFileReference; fileEncoding = 4; lastKnownFileType = sourcecode.c.objc; path = "NSString+Extension.m"; sourceTree = "<group>"; };
		191D59DB2411197A005632D0 /* UITabBar+Extension.h */ = {isa = PBXFileReference; fileEncoding = 4; lastKnownFileType = sourcecode.c.h; path = "UITabBar+Extension.h"; sourceTree = "<group>"; };
		191D59DC2411197A005632D0 /* UIButton+Delay.h */ = {isa = PBXFileReference; fileEncoding = 4; lastKnownFileType = sourcecode.c.h; path = "UIButton+Delay.h"; sourceTree = "<group>"; };
		191D59DD2411197A005632D0 /* UITextView+Extension.h */ = {isa = PBXFileReference; fileEncoding = 4; lastKnownFileType = sourcecode.c.h; path = "UITextView+Extension.h"; sourceTree = "<group>"; };
		191D59DF2411197A005632D0 /* NSString+Extension.h */ = {isa = PBXFileReference; fileEncoding = 4; lastKnownFileType = sourcecode.c.h; path = "NSString+Extension.h"; sourceTree = "<group>"; };
		191D59E02411197A005632D0 /* UILabel+Utility.m */ = {isa = PBXFileReference; fileEncoding = 4; lastKnownFileType = sourcecode.c.objc; path = "UILabel+Utility.m"; sourceTree = "<group>"; };
		191D59E12411197A005632D0 /* UIImage+Extension.h */ = {isa = PBXFileReference; fileEncoding = 4; lastKnownFileType = sourcecode.c.h; path = "UIImage+Extension.h"; sourceTree = "<group>"; };
		19341B502428835D00CB82E0 /* me_home.json */ = {isa = PBXFileReference; fileEncoding = 4; lastKnownFileType = text.json; path = me_home.json; sourceTree = "<group>"; };
		193F275224122B290000EB3B /* MeijiaRabbit.pch */ = {isa = PBXFileReference; lastKnownFileType = sourcecode.c.h; path = MeijiaRabbit.pch; sourceTree = "<group>"; };
		193F275324122EC80000EB3B /* MJTConstant.h */ = {isa = PBXFileReference; lastKnownFileType = sourcecode.c.h; path = MJTConstant.h; sourceTree = "<group>"; };
		193F275424122EC80000EB3B /* MJTConstant.m */ = {isa = PBXFileReference; lastKnownFileType = sourcecode.c.objc; path = MJTConstant.m; sourceTree = "<group>"; };
		193F275624125CE80000EB3B /* MjtView.h */ = {isa = PBXFileReference; lastKnownFileType = sourcecode.c.h; path = MjtView.h; sourceTree = "<group>"; };
		193F275724125CE80000EB3B /* MjtView.m */ = {isa = PBXFileReference; lastKnownFileType = sourcecode.c.objc; path = MjtView.m; sourceTree = "<group>"; };
		193F27592412653B0000EB3B /* MjtTipView.h */ = {isa = PBXFileReference; lastKnownFileType = sourcecode.c.h; path = MjtTipView.h; sourceTree = "<group>"; };
		193F275A2412653B0000EB3B /* MjtTipView.m */ = {isa = PBXFileReference; lastKnownFileType = sourcecode.c.objc; path = MjtTipView.m; sourceTree = "<group>"; };
		193F275C24128ABE0000EB3B /* MjtGuideView.h */ = {isa = PBXFileReference; fileEncoding = 4; lastKnownFileType = sourcecode.c.h; path = MjtGuideView.h; sourceTree = "<group>"; };
		193F275D24128ABE0000EB3B /* MjtGuideView.m */ = {isa = PBXFileReference; fileEncoding = 4; lastKnownFileType = sourcecode.c.objc; path = MjtGuideView.m; sourceTree = "<group>"; };
		193F275F24128B200000EB3B /* MjtButton.m */ = {isa = PBXFileReference; fileEncoding = 4; lastKnownFileType = sourcecode.c.objc; path = MjtButton.m; sourceTree = "<group>"; };
		193F276024128B200000EB3B /* MjtButton.h */ = {isa = PBXFileReference; fileEncoding = 4; lastKnownFileType = sourcecode.c.h; path = MjtButton.h; sourceTree = "<group>"; };
		193F276224128D0B0000EB3B /* guide.json */ = {isa = PBXFileReference; fileEncoding = 4; lastKnownFileType = text.json; path = guide.json; sourceTree = "<group>"; };
		193F2764241298B80000EB3B /* MjtBaseButton.h */ = {isa = PBXFileReference; lastKnownFileType = sourcecode.c.h; path = MjtBaseButton.h; sourceTree = "<group>"; };
		193F2765241298B80000EB3B /* MjtBaseButton.m */ = {isa = PBXFileReference; lastKnownFileType = sourcecode.c.objc; path = MjtBaseButton.m; sourceTree = "<group>"; };
		193F27672413A9EA0000EB3B /* MjtSpecialPriceCell.h */ = {isa = PBXFileReference; fileEncoding = 4; lastKnownFileType = sourcecode.c.h; path = MjtSpecialPriceCell.h; sourceTree = "<group>"; };
		193F27682413A9EA0000EB3B /* MjtSpecialPriceCell.m */ = {isa = PBXFileReference; fileEncoding = 4; lastKnownFileType = sourcecode.c.objc; path = MjtSpecialPriceCell.m; sourceTree = "<group>"; };
		193F276A2413D05A0000EB3B /* MjtRecommendView.h */ = {isa = PBXFileReference; lastKnownFileType = sourcecode.c.h; path = MjtRecommendView.h; sourceTree = "<group>"; };
		193F276B2413D05A0000EB3B /* MjtRecommendView.m */ = {isa = PBXFileReference; lastKnownFileType = sourcecode.c.objc; path = MjtRecommendView.m; sourceTree = "<group>"; };
		193F277224152D3B0000EB3B /* JFCSConfiguration.h */ = {isa = PBXFileReference; fileEncoding = 4; lastKnownFileType = sourcecode.c.h; path = JFCSConfiguration.h; sourceTree = "<group>"; };
		193F277324152D3B0000EB3B /* JFCSBaseInfoModel.m */ = {isa = PBXFileReference; fileEncoding = 4; lastKnownFileType = sourcecode.c.objc; path = JFCSBaseInfoModel.m; sourceTree = "<group>"; };
		193F277424152D3B0000EB3B /* JFCSCityModel.m */ = {isa = PBXFileReference; fileEncoding = 4; lastKnownFileType = sourcecode.c.objc; path = JFCSCityModel.m; sourceTree = "<group>"; };
		193F277524152D3B0000EB3B /* JFCSAreaModel.h */ = {isa = PBXFileReference; fileEncoding = 4; lastKnownFileType = sourcecode.c.h; path = JFCSAreaModel.h; sourceTree = "<group>"; };
		193F277624152D3B0000EB3B /* JFCSProvinceModel.h */ = {isa = PBXFileReference; fileEncoding = 4; lastKnownFileType = sourcecode.c.h; path = JFCSProvinceModel.h; sourceTree = "<group>"; };
		193F277724152D3B0000EB3B /* JFCSDataOpreation.h */ = {isa = PBXFileReference; fileEncoding = 4; lastKnownFileType = sourcecode.c.h; path = JFCSDataOpreation.h; sourceTree = "<group>"; };
		193F277824152D3B0000EB3B /* JFCSFileManager.m */ = {isa = PBXFileReference; fileEncoding = 4; lastKnownFileType = sourcecode.c.objc; path = JFCSFileManager.m; sourceTree = "<group>"; };
		193F277924152D3B0000EB3B /* JFCSSearchTableViewController.h */ = {isa = PBXFileReference; fileEncoding = 4; lastKnownFileType = sourcecode.c.h; path = JFCSSearchTableViewController.h; sourceTree = "<group>"; };
		193F277A24152D3B0000EB3B /* .gitkeep */ = {isa = PBXFileReference; fileEncoding = 4; lastKnownFileType = text; path = .gitkeep; sourceTree = "<group>"; };
		193F277B24152D3B0000EB3B /* JFCSTopToolsTableViewCell.m */ = {isa = PBXFileReference; fileEncoding = 4; lastKnownFileType = sourcecode.c.objc; path = JFCSTopToolsTableViewCell.m; sourceTree = "<group>"; };
		193F277C24152D3B0000EB3B /* JFCSTableViewHeaderView.m */ = {isa = PBXFileReference; fileEncoding = 4; lastKnownFileType = sourcecode.c.objc; path = JFCSTableViewHeaderView.m; sourceTree = "<group>"; };
		193F277D24152D3B0000EB3B /* JFCSTableViewController.m */ = {isa = PBXFileReference; fileEncoding = 4; lastKnownFileType = sourcecode.c.objc; path = JFCSTableViewController.m; sourceTree = "<group>"; };
		193F277E24152D3B0000EB3B /* JFCSPopularCitiesModel.m */ = {isa = PBXFileReference; fileEncoding = 4; lastKnownFileType = sourcecode.c.objc; path = JFCSPopularCitiesModel.m; sourceTree = "<group>"; };
		193F277F24152D3B0000EB3B /* JFCSData.h */ = {isa = PBXFileReference; fileEncoding = 4; lastKnownFileType = sourcecode.c.h; path = JFCSData.h; sourceTree = "<group>"; };
		193F278024152D3B0000EB3B /* JFCSCityModel.h */ = {isa = PBXFileReference; fileEncoding = 4; lastKnownFileType = sourcecode.c.h; path = JFCSCityModel.h; sourceTree = "<group>"; };
		193F278124152D3B0000EB3B /* JFCSBaseInfoModel.h */ = {isa = PBXFileReference; fileEncoding = 4; lastKnownFileType = sourcecode.c.h; path = JFCSBaseInfoModel.h; sourceTree = "<group>"; };
		193F278224152D3B0000EB3B /* JFCSConfiguration.m */ = {isa = PBXFileReference; fileEncoding = 4; lastKnownFileType = sourcecode.c.objc; path = JFCSConfiguration.m; sourceTree = "<group>"; };
		193F278324152D3B0000EB3B /* JFCSProvinceModel.m */ = {isa = PBXFileReference; fileEncoding = 4; lastKnownFileType = sourcecode.c.objc; path = JFCSProvinceModel.m; sourceTree = "<group>"; };
		193F278424152D3B0000EB3B /* JFCSAreaModel.m */ = {isa = PBXFileReference; fileEncoding = 4; lastKnownFileType = sourcecode.c.objc; path = JFCSAreaModel.m; sourceTree = "<group>"; };
		193F278524152D3B0000EB3B /* JFCSTopToolsTableViewCell.h */ = {isa = PBXFileReference; fileEncoding = 4; lastKnownFileType = sourcecode.c.h; path = JFCSTopToolsTableViewCell.h; sourceTree = "<group>"; };
		193F278624152D3B0000EB3B /* JFCitySelector.h */ = {isa = PBXFileReference; fileEncoding = 4; lastKnownFileType = sourcecode.c.h; path = JFCitySelector.h; sourceTree = "<group>"; };
		193F278724152D3B0000EB3B /* JFCSFileManager.h */ = {isa = PBXFileReference; fileEncoding = 4; lastKnownFileType = sourcecode.c.h; path = JFCSFileManager.h; sourceTree = "<group>"; };
		193F278824152D3B0000EB3B /* JFCSSearchTableViewController.m */ = {isa = PBXFileReference; fileEncoding = 4; lastKnownFileType = sourcecode.c.objc; path = JFCSSearchTableViewController.m; sourceTree = "<group>"; };
		193F278924152D3B0000EB3B /* JFCSDataOpreation.m */ = {isa = PBXFileReference; fileEncoding = 4; lastKnownFileType = sourcecode.c.objc; path = JFCSDataOpreation.m; sourceTree = "<group>"; };
		193F278A24152D3B0000EB3B /* JFCSData.m */ = {isa = PBXFileReference; fileEncoding = 4; lastKnownFileType = sourcecode.c.objc; path = JFCSData.m; sourceTree = "<group>"; };
		193F278B24152D3B0000EB3B /* JFCSPopularCitiesModel.h */ = {isa = PBXFileReference; fileEncoding = 4; lastKnownFileType = sourcecode.c.h; path = JFCSPopularCitiesModel.h; sourceTree = "<group>"; };
		193F278C24152D3B0000EB3B /* JFCSTableViewController.h */ = {isa = PBXFileReference; fileEncoding = 4; lastKnownFileType = sourcecode.c.h; path = JFCSTableViewController.h; sourceTree = "<group>"; };
		193F278D24152D3B0000EB3B /* JFCSTableViewHeaderView.h */ = {isa = PBXFileReference; fileEncoding = 4; lastKnownFileType = sourcecode.c.h; path = JFCSTableViewHeaderView.h; sourceTree = "<group>"; };
		193F278F24152D3B0000EB3B /* JFCitySelector.bundle */ = {isa = PBXFileReference; lastKnownFileType = "wrapper.plug-in"; path = JFCitySelector.bundle; sourceTree = "<group>"; };
		193F279F24152EF70000EB3B /* UIViewController+LL_Utils.h */ = {isa = PBXFileReference; fileEncoding = 4; lastKnownFileType = sourcecode.c.h; path = "UIViewController+LL_Utils.h"; sourceTree = "<group>"; };
		193F27A024152EF70000EB3B /* UIViewController+LL_Utils.m */ = {isa = PBXFileReference; fileEncoding = 4; lastKnownFileType = sourcecode.c.objc; path = "UIViewController+LL_Utils.m"; sourceTree = "<group>"; };
		193F27A2241765FA0000EB3B /* me_order.json */ = {isa = PBXFileReference; fileEncoding = 4; lastKnownFileType = text.json; path = me_order.json; sourceTree = "<group>"; };
		193F27A724177C9D0000EB3B /* MjtMessageBaseVC.h */ = {isa = PBXFileReference; lastKnownFileType = sourcecode.c.h; path = MjtMessageBaseVC.h; sourceTree = "<group>"; };
		193F27A824177C9D0000EB3B /* MjtMessageBaseVC.m */ = {isa = PBXFileReference; lastKnownFileType = sourcecode.c.objc; path = MjtMessageBaseVC.m; sourceTree = "<group>"; };
		193F27AA24177E640000EB3B /* MjtSysMessageVC.h */ = {isa = PBXFileReference; lastKnownFileType = sourcecode.c.h; path = MjtSysMessageVC.h; sourceTree = "<group>"; };
		193F27AB24177E640000EB3B /* MjtSysMessageVC.m */ = {isa = PBXFileReference; lastKnownFileType = sourcecode.c.objc; path = MjtSysMessageVC.m; sourceTree = "<group>"; };
		193F27AD24177E940000EB3B /* MjtOrderMessageVC.h */ = {isa = PBXFileReference; lastKnownFileType = sourcecode.c.h; path = MjtOrderMessageVC.h; sourceTree = "<group>"; };
		193F27AE24177E940000EB3B /* MjtOrderMessageVC.m */ = {isa = PBXFileReference; lastKnownFileType = sourcecode.c.objc; path = MjtOrderMessageVC.m; sourceTree = "<group>"; };
		193F27B0241786CC0000EB3B /* MjtMessageListVC.h */ = {isa = PBXFileReference; lastKnownFileType = sourcecode.c.h; path = MjtMessageListVC.h; sourceTree = "<group>"; };
		193F27B1241786CC0000EB3B /* MjtMessageListVC.m */ = {isa = PBXFileReference; lastKnownFileType = sourcecode.c.objc; path = MjtMessageListVC.m; sourceTree = "<group>"; };
		193F27B42417877A0000EB3B /* XLBaseTableController.m */ = {isa = PBXFileReference; fileEncoding = 4; lastKnownFileType = sourcecode.c.objc; path = XLBaseTableController.m; sourceTree = "<group>"; };
		193F27B52417877A0000EB3B /* UIScrollView+EmptyDataSet.m */ = {isa = PBXFileReference; fileEncoding = 4; lastKnownFileType = sourcecode.c.objc; path = "UIScrollView+EmptyDataSet.m"; sourceTree = "<group>"; };
		193F27B62417877A0000EB3B /* XLBaseTableController.h */ = {isa = PBXFileReference; fileEncoding = 4; lastKnownFileType = sourcecode.c.h; path = XLBaseTableController.h; sourceTree = "<group>"; };
		193F27B72417877A0000EB3B /* UIScrollView+EmptyDataSet.h */ = {isa = PBXFileReference; fileEncoding = 4; lastKnownFileType = sourcecode.c.h; path = "UIScrollView+EmptyDataSet.h"; sourceTree = "<group>"; };
		193F27C12417998C0000EB3B /* MjtLoginVC.h */ = {isa = PBXFileReference; lastKnownFileType = sourcecode.c.h; path = MjtLoginVC.h; sourceTree = "<group>"; };
		193F27C22417998C0000EB3B /* MjtLoginVC.m */ = {isa = PBXFileReference; lastKnownFileType = sourcecode.c.objc; path = MjtLoginVC.m; sourceTree = "<group>"; };
		193F27C82418C0E20000EB3B /* MjtRegisterVC.h */ = {isa = PBXFileReference; lastKnownFileType = sourcecode.c.h; path = MjtRegisterVC.h; sourceTree = "<group>"; };
		193F27C92418C0E20000EB3B /* MjtRegisterVC.m */ = {isa = PBXFileReference; lastKnownFileType = sourcecode.c.objc; path = MjtRegisterVC.m; sourceTree = "<group>"; };
		193F27CB2418C38F0000EB3B /* MjtTextField.h */ = {isa = PBXFileReference; lastKnownFileType = sourcecode.c.h; path = MjtTextField.h; sourceTree = "<group>"; };
		193F27CC2418C38F0000EB3B /* MjtTextField.m */ = {isa = PBXFileReference; lastKnownFileType = sourcecode.c.objc; path = MjtTextField.m; sourceTree = "<group>"; };
		193F27CF2418CE320000EB3B /* GSProxy.m */ = {isa = PBXFileReference; fileEncoding = 4; lastKnownFileType = sourcecode.c.objc; path = GSProxy.m; sourceTree = "<group>"; };
		193F27D02418CE320000EB3B /* GSProxy.h */ = {isa = PBXFileReference; fileEncoding = 4; lastKnownFileType = sourcecode.c.h; path = GSProxy.h; sourceTree = "<group>"; };
		193F27D2241A0DB10000EB3B /* MjtWebView.h */ = {isa = PBXFileReference; lastKnownFileType = sourcecode.c.h; path = MjtWebView.h; sourceTree = "<group>"; };
		193F27D3241A0DB10000EB3B /* MjtWebView.m */ = {isa = PBXFileReference; lastKnownFileType = sourcecode.c.objc; path = MjtWebView.m; sourceTree = "<group>"; };
		193F27D8241A265C0000EB3B /* MjtSettingItemModel.h */ = {isa = PBXFileReference; lastKnownFileType = sourcecode.c.h; path = MjtSettingItemModel.h; sourceTree = "<group>"; };
		193F27D9241A265C0000EB3B /* MjtSettingItemModel.m */ = {isa = PBXFileReference; lastKnownFileType = sourcecode.c.objc; path = MjtSettingItemModel.m; sourceTree = "<group>"; };
		193F27DB241A27610000EB3B /* MjtSettingSectionModel.h */ = {isa = PBXFileReference; lastKnownFileType = sourcecode.c.h; path = MjtSettingSectionModel.h; sourceTree = "<group>"; };
		193F27DC241A27610000EB3B /* MjtSettingSectionModel.m */ = {isa = PBXFileReference; lastKnownFileType = sourcecode.c.objc; path = MjtSettingSectionModel.m; sourceTree = "<group>"; };
		193F27DE241A27AE0000EB3B /* MjtSettingCell.h */ = {isa = PBXFileReference; lastKnownFileType = sourcecode.c.h; path = MjtSettingCell.h; sourceTree = "<group>"; };
		193F27DF241A27AE0000EB3B /* MjtSettingCell.m */ = {isa = PBXFileReference; lastKnownFileType = sourcecode.c.objc; path = MjtSettingCell.m; sourceTree = "<group>"; };
		193F27E1241A29A30000EB3B /* MjtSettingVC.h */ = {isa = PBXFileReference; lastKnownFileType = sourcecode.c.h; path = MjtSettingVC.h; sourceTree = "<group>"; };
		193F27E2241A29A30000EB3B /* MjtSettingVC.m */ = {isa = PBXFileReference; lastKnownFileType = sourcecode.c.objc; path = MjtSettingVC.m; sourceTree = "<group>"; };
		19D609DD2422282600DE37B8 /* MjtAddressListVC.h */ = {isa = PBXFileReference; lastKnownFileType = sourcecode.c.h; path = MjtAddressListVC.h; sourceTree = "<group>"; };
		19D609DE2422282600DE37B8 /* MjtAddressListVC.m */ = {isa = PBXFileReference; lastKnownFileType = sourcecode.c.objc; path = MjtAddressListVC.m; sourceTree = "<group>"; };
		19D609E02422298A00DE37B8 /* YWAddressTableViewCell2.xib */ = {isa = PBXFileReference; fileEncoding = 4; lastKnownFileType = file.xib; path = YWAddressTableViewCell2.xib; sourceTree = "<group>"; };
		19D609E12422298B00DE37B8 /* YWAddressTableViewCell3.m */ = {isa = PBXFileReference; fileEncoding = 4; lastKnownFileType = sourcecode.c.objc; path = YWAddressTableViewCell3.m; sourceTree = "<group>"; };
		19D609E22422298B00DE37B8 /* YWAddressTableViewCell2.m */ = {isa = PBXFileReference; fileEncoding = 4; lastKnownFileType = sourcecode.c.objc; path = YWAddressTableViewCell2.m; sourceTree = "<group>"; };
		19D609E32422298B00DE37B8 /* YWAddressTableViewCell1.m */ = {isa = PBXFileReference; fileEncoding = 4; lastKnownFileType = sourcecode.c.objc; path = YWAddressTableViewCell1.m; sourceTree = "<group>"; };
		19D609E42422298B00DE37B8 /* YWAddressTableViewCell3.xib */ = {isa = PBXFileReference; fileEncoding = 4; lastKnownFileType = file.xib; path = YWAddressTableViewCell3.xib; sourceTree = "<group>"; };
		19D609E52422298B00DE37B8 /* YWAddressTableViewCell1.xib */ = {isa = PBXFileReference; fileEncoding = 4; lastKnownFileType = file.xib; path = YWAddressTableViewCell1.xib; sourceTree = "<group>"; };
		19D609E62422298B00DE37B8 /* YWAddressTableViewCell2.h */ = {isa = PBXFileReference; fileEncoding = 4; lastKnownFileType = sourcecode.c.h; path = YWAddressTableViewCell2.h; sourceTree = "<group>"; };
		19D609E72422298B00DE37B8 /* YWAddressTableViewCell1.h */ = {isa = PBXFileReference; fileEncoding = 4; lastKnownFileType = sourcecode.c.h; path = YWAddressTableViewCell1.h; sourceTree = "<group>"; };
		19D609E82422298B00DE37B8 /* YWAddressTableViewCell3.h */ = {isa = PBXFileReference; fileEncoding = 4; lastKnownFileType = sourcecode.c.h; path = YWAddressTableViewCell3.h; sourceTree = "<group>"; };
		19D609EF242229A300DE37B8 /* YWAddressInfoModel.h */ = {isa = PBXFileReference; fileEncoding = 4; lastKnownFileType = sourcecode.c.h; path = YWAddressInfoModel.h; sourceTree = "<group>"; };
		19D609F0242229A300DE37B8 /* YWAddressInfoModel.m */ = {isa = PBXFileReference; fileEncoding = 4; lastKnownFileType = sourcecode.c.objc; path = YWAddressInfoModel.m; sourceTree = "<group>"; };
		19D609F2242229BC00DE37B8 /* YWAddressViewController.m */ = {isa = PBXFileReference; fileEncoding = 4; lastKnownFileType = sourcecode.c.objc; path = YWAddressViewController.m; sourceTree = "<group>"; };
		19D609F3242229BC00DE37B8 /* YWAddressViewController.h */ = {isa = PBXFileReference; fileEncoding = 4; lastKnownFileType = sourcecode.c.h; path = YWAddressViewController.h; sourceTree = "<group>"; };
		19D60A052422302200DE37B8 /* YWTool.h */ = {isa = PBXFileReference; fileEncoding = 4; lastKnownFileType = sourcecode.c.h; path = YWTool.h; sourceTree = "<group>"; };
		19D60A062422302200DE37B8 /* YWTool.m */ = {isa = PBXFileReference; fileEncoding = 4; lastKnownFileType = sourcecode.c.objc; path = YWTool.m; sourceTree = "<group>"; };
		19D60A0B242233A200DE37B8 /* Cities.json */ = {isa = PBXFileReference; fileEncoding = 4; lastKnownFileType = text.json; path = Cities.json; sourceTree = "<group>"; };
		19D60A0E2423172A00DE37B8 /* AddressCell.h */ = {isa = PBXFileReference; fileEncoding = 4; lastKnownFileType = sourcecode.c.h; path = AddressCell.h; sourceTree = "<group>"; };
		19D60A0F2423172A00DE37B8 /* ZHFAddTitleAddressView.m */ = {isa = PBXFileReference; fileEncoding = 4; lastKnownFileType = sourcecode.c.objc; path = ZHFAddTitleAddressView.m; sourceTree = "<group>"; };
		19D60A102423172A00DE37B8 /* TownModel.m */ = {isa = PBXFileReference; fileEncoding = 4; lastKnownFileType = sourcecode.c.objc; path = TownModel.m; sourceTree = "<group>"; };
		19D60A112423172A00DE37B8 /* CityModel.m */ = {isa = PBXFileReference; fileEncoding = 4; lastKnownFileType = sourcecode.c.objc; path = CityModel.m; sourceTree = "<group>"; };
		19D60A122423172A00DE37B8 /* HttpRequest.m */ = {isa = PBXFileReference; fileEncoding = 4; lastKnownFileType = sourcecode.c.objc; path = HttpRequest.m; sourceTree = "<group>"; };
		19D60A132423172A00DE37B8 /* ProvinceModel.h */ = {isa = PBXFileReference; fileEncoding = 4; lastKnownFileType = sourcecode.c.h; path = ProvinceModel.h; sourceTree = "<group>"; };
		19D60A142423172A00DE37B8 /* CountyModel.h */ = {isa = PBXFileReference; fileEncoding = 4; lastKnownFileType = sourcecode.c.h; path = CountyModel.h; sourceTree = "<group>"; };
		19D60A152423172A00DE37B8 /* AddressCell.m */ = {isa = PBXFileReference; fileEncoding = 4; lastKnownFileType = sourcecode.c.objc; path = AddressCell.m; sourceTree = "<group>"; };
		19D60A162423172A00DE37B8 /* ZHFAddTitleAddressView.h */ = {isa = PBXFileReference; fileEncoding = 4; lastKnownFileType = sourcecode.c.h; path = ZHFAddTitleAddressView.h; sourceTree = "<group>"; };
		19D60A172423172A00DE37B8 /* ProvinceModel.m */ = {isa = PBXFileReference; fileEncoding = 4; lastKnownFileType = sourcecode.c.objc; path = ProvinceModel.m; sourceTree = "<group>"; };
		19D60A182423172A00DE37B8 /* HttpRequest.h */ = {isa = PBXFileReference; fileEncoding = 4; lastKnownFileType = sourcecode.c.h; path = HttpRequest.h; sourceTree = "<group>"; };
		19D60A192423172A00DE37B8 /* CityModel.h */ = {isa = PBXFileReference; fileEncoding = 4; lastKnownFileType = sourcecode.c.h; path = CityModel.h; sourceTree = "<group>"; };
		19D60A1A2423172A00DE37B8 /* TownModel.h */ = {isa = PBXFileReference; fileEncoding = 4; lastKnownFileType = sourcecode.c.h; path = TownModel.h; sourceTree = "<group>"; };
		19D60A1B2423172A00DE37B8 /* CountyModel.m */ = {isa = PBXFileReference; fileEncoding = 4; lastKnownFileType = sourcecode.c.objc; path = CountyModel.m; sourceTree = "<group>"; };
		19D60A1C2423172A00DE37B8 /* location.txt */ = {isa = PBXFileReference; fileEncoding = 4; lastKnownFileType = text; path = location.txt; sourceTree = "<group>"; };
		19D60A25242326DC00DE37B8 /* MjtAddressCell.h */ = {isa = PBXFileReference; lastKnownFileType = sourcecode.c.h; path = MjtAddressCell.h; sourceTree = "<group>"; };
		19D60A26242326DC00DE37B8 /* MjtAddressCell.m */ = {isa = PBXFileReference; lastKnownFileType = sourcecode.c.objc; path = MjtAddressCell.m; sourceTree = "<group>"; };
		19D60A282423496D00DE37B8 /* MjtAddressModel.h */ = {isa = PBXFileReference; lastKnownFileType = sourcecode.c.h; path = MjtAddressModel.h; sourceTree = "<group>"; };
		19D60A292423496D00DE37B8 /* MjtAddressModel.m */ = {isa = PBXFileReference; lastKnownFileType = sourcecode.c.objc; path = MjtAddressModel.m; sourceTree = "<group>"; };
		19D60A2B2423723300DE37B8 /* MjtLocationManager.h */ = {isa = PBXFileReference; lastKnownFileType = sourcecode.c.h; path = MjtLocationManager.h; sourceTree = "<group>"; };
		19D60A2C2423723300DE37B8 /* MjtLocationManager.m */ = {isa = PBXFileReference; lastKnownFileType = sourcecode.c.objc; path = MjtLocationManager.m; sourceTree = "<group>"; };
		19D60A31242494A700DE37B8 /* MjtDesignCell.h */ = {isa = PBXFileReference; lastKnownFileType = sourcecode.c.h; path = MjtDesignCell.h; sourceTree = "<group>"; };
		19D60A32242494A700DE37B8 /* MjtDesignCell.m */ = {isa = PBXFileReference; lastKnownFileType = sourcecode.c.objc; path = MjtDesignCell.m; sourceTree = "<group>"; };
		19D60A33242494A700DE37B8 /* MjtDesignCell.xib */ = {isa = PBXFileReference; lastKnownFileType = file.xib; path = MjtDesignCell.xib; sourceTree = "<group>"; };
		7255A99E89965AFFC179CF81 /* Pods-MeijiaRabbit.debug.xcconfig */ = {isa = PBXFileReference; includeInIndex = 1; lastKnownFileType = text.xcconfig; name = "Pods-MeijiaRabbit.debug.xcconfig"; path = "Target Support Files/Pods-MeijiaRabbit/Pods-MeijiaRabbit.debug.xcconfig"; sourceTree = "<group>"; };
		806116D83EB142983DBD7E40 /* Pods-MeijiaRabbit.release.xcconfig */ = {isa = PBXFileReference; includeInIndex = 1; lastKnownFileType = text.xcconfig; name = "Pods-MeijiaRabbit.release.xcconfig"; path = "Target Support Files/Pods-MeijiaRabbit/Pods-MeijiaRabbit.release.xcconfig"; sourceTree = "<group>"; };
		FCEA2ABD1D34B189B2303651 /* libPods-MeijiaRabbit.a */ = {isa = PBXFileReference; explicitFileType = archive.ar; includeInIndex = 0; path = "libPods-MeijiaRabbit.a"; sourceTree = BUILT_PRODUCTS_DIR; };
/* End PBXFileReference section */

/* Begin PBXFrameworksBuildPhase section */
		1911AD16240E20BC006FB7A3 /* Frameworks */ = {
			isa = PBXFrameworksBuildPhase;
			buildActionMask = 2147483647;
			files = (
				1AD52F3ED1988639EFD57841 /* libPods-MeijiaRabbit.a in Frameworks */,
			);
			runOnlyForDeploymentPostprocessing = 0;
		};
/* End PBXFrameworksBuildPhase section */

/* Begin PBXGroup section */
		0062784806F4216380173FFD /* Pods */ = {
			isa = PBXGroup;
			children = (
				7255A99E89965AFFC179CF81 /* Pods-MeijiaRabbit.debug.xcconfig */,
				806116D83EB142983DBD7E40 /* Pods-MeijiaRabbit.release.xcconfig */,
			);
			path = Pods;
			sourceTree = "<group>";
		};
		1911AD10240E20BC006FB7A3 = {
			isa = PBXGroup;
			children = (
				1911AD1B240E20BC006FB7A3 /* MeijiaRabbit */,
				1911AD1A240E20BC006FB7A3 /* Products */,
				0062784806F4216380173FFD /* Pods */,
				C5107FA2523E0BEC7DC52C6A /* Frameworks */,
			);
			sourceTree = "<group>";
		};
		1911AD1A240E20BC006FB7A3 /* Products */ = {
			isa = PBXGroup;
			children = (
				1911AD19240E20BC006FB7A3 /* 美嘉兔.app */,
			);
			name = Products;
			sourceTree = "<group>";
		};
		1911AD1B240E20BC006FB7A3 /* MeijiaRabbit */ = {
			isa = PBXGroup;
			children = (
				191D599A24111154005632D0 /* Classes */,
				1911AD1C240E20BC006FB7A3 /* AppDelegate.h */,
				1911AD1D240E20BC006FB7A3 /* AppDelegate.m */,
				1911AD25240E20BC006FB7A3 /* Main.storyboard */,
				1911AD28240E20BE006FB7A3 /* Assets.xcassets */,
				1911AD2A240E20BE006FB7A3 /* LaunchScreen.storyboard */,
				1911AD2D240E20BE006FB7A3 /* Info.plist */,
				1911AD2E240E20BE006FB7A3 /* main.m */,
				193F275224122B290000EB3B /* MeijiaRabbit.pch */,
			);
			path = MeijiaRabbit;
			sourceTree = "<group>";
		};
		191D599A24111154005632D0 /* Classes */ = {
			isa = PBXGroup;
			children = (
				191D59A324111154005632D0 /* Util */,
				193F27BD2417997B0000EB3B /* Login */,
				191D59AC24111154005632D0 /* Mall */,
				191D599B24111154005632D0 /* Home */,
				191D599F24111154005632D0 /* Design */,
				191D59A824111154005632D0 /* Me */,
			);
			path = Classes;
			sourceTree = "<group>";
		};
		191D599B24111154005632D0 /* Home */ = {
			isa = PBXGroup;
			children = (
				191D599C24111154005632D0 /* Controller */,
				191D599D24111154005632D0 /* Model */,
				191D599E24111154005632D0 /* View */,
			);
			path = Home;
			sourceTree = "<group>";
		};
		191D599C24111154005632D0 /* Controller */ = {
			isa = PBXGroup;
			children = (
				191D59B624111327005632D0 /* HomeViewController.h */,
				191D59B724111327005632D0 /* HomeViewController.m */,
				193F27A724177C9D0000EB3B /* MjtMessageBaseVC.h */,
				193F27A824177C9D0000EB3B /* MjtMessageBaseVC.m */,
				193F27AA24177E640000EB3B /* MjtSysMessageVC.h */,
				193F27AB24177E640000EB3B /* MjtSysMessageVC.m */,
				193F27AD24177E940000EB3B /* MjtOrderMessageVC.h */,
				193F27AE24177E940000EB3B /* MjtOrderMessageVC.m */,
				193F27B0241786CC0000EB3B /* MjtMessageListVC.h */,
				193F27B1241786CC0000EB3B /* MjtMessageListVC.m */,
			);
			path = Controller;
			sourceTree = "<group>";
		};
		191D599D24111154005632D0 /* Model */ = {
			isa = PBXGroup;
			children = (
				193F276224128D0B0000EB3B /* guide.json */,
			);
			path = Model;
			sourceTree = "<group>";
		};
		191D599E24111154005632D0 /* View */ = {
			isa = PBXGroup;
			children = (
				193F27672413A9EA0000EB3B /* MjtSpecialPriceCell.h */,
				193F27682413A9EA0000EB3B /* MjtSpecialPriceCell.m */,
				193F275C24128ABE0000EB3B /* MjtGuideView.h */,
				193F275D24128ABE0000EB3B /* MjtGuideView.m */,
				193F275624125CE80000EB3B /* MjtView.h */,
				193F275724125CE80000EB3B /* MjtView.m */,
				193F27592412653B0000EB3B /* MjtTipView.h */,
				193F275A2412653B0000EB3B /* MjtTipView.m */,
				193F276A2413D05A0000EB3B /* MjtRecommendView.h */,
				193F276B2413D05A0000EB3B /* MjtRecommendView.m */,
			);
			path = View;
			sourceTree = "<group>";
		};
		191D599F24111154005632D0 /* Design */ = {
			isa = PBXGroup;
			children = (
				191D59A024111154005632D0 /* Controller */,
				191D59A124111154005632D0 /* Model */,
				191D59A224111154005632D0 /* View */,
			);
			path = Design;
			sourceTree = "<group>";
		};
		191D59A024111154005632D0 /* Controller */ = {
			isa = PBXGroup;
			children = (
				191D59BF24111390005632D0 /* DesignViewController.h */,
				191D59C024111390005632D0 /* DesignViewController.m */,
			);
			path = Controller;
			sourceTree = "<group>";
		};
		191D59A124111154005632D0 /* Model */ = {
			isa = PBXGroup;
			children = (
			);
			path = Model;
			sourceTree = "<group>";
		};
		191D59A224111154005632D0 /* View */ = {
			isa = PBXGroup;
			children = (
				19D60A31242494A700DE37B8 /* MjtDesignCell.h */,
				19D60A32242494A700DE37B8 /* MjtDesignCell.m */,
				19D60A33242494A700DE37B8 /* MjtDesignCell.xib */,
			);
			path = View;
			sourceTree = "<group>";
		};
		191D59A324111154005632D0 /* Util */ = {
			isa = PBXGroup;
			children = (
				193F27CE2418CE270000EB3B /* Tools */,
				191D59A424111154005632D0 /* Category */,
				191D59A524111154005632D0 /* Network */,
				191D59A624111154005632D0 /* Common */,
				191D59A724111154005632D0 /* Helpers */,
			);
			path = Util;
			sourceTree = "<group>";
		};
		191D59A424111154005632D0 /* Category */ = {
			isa = PBXGroup;
			children = (
				193F279F24152EF70000EB3B /* UIViewController+LL_Utils.h */,
				193F27A024152EF70000EB3B /* UIViewController+LL_Utils.m */,
				191D59DF2411197A005632D0 /* NSString+Extension.h */,
				191D59DA2411197A005632D0 /* NSString+Extension.m */,
				191D59C724111979005632D0 /* NullSafe.m */,
				191D59DC2411197A005632D0 /* UIButton+Delay.h */,
				191D59D62411197A005632D0 /* UIButton+Delay.m */,
				191D59D92411197A005632D0 /* UIButton+Extension.h */,
				191D59D12411197A005632D0 /* UIButton+Extension.m */,
				191D59CF2411197A005632D0 /* UIButton+touch.h */,
				191D59C924111979005632D0 /* UIButton+touch.m */,
				191D59D72411197A005632D0 /* UIColor+Extension.h */,
				191D59D42411197A005632D0 /* UIColor+Extension.m */,
				191D59E12411197A005632D0 /* UIImage+Extension.h */,
				191D59CB24111979005632D0 /* UIImage+Extension.m */,
				191D59C524111979005632D0 /* UILabel+Utility.h */,
				191D59E02411197A005632D0 /* UILabel+Utility.m */,
				191D59DB2411197A005632D0 /* UITabBar+Extension.h */,
				191D59D02411197A005632D0 /* UITabBar+Extension.m */,
				191D59DD2411197A005632D0 /* UITextView+Extension.h */,
				191D59C624111979005632D0 /* UITextView+Extension.m */,
				191D59C824111979005632D0 /* UIView+Extension.h */,
				191D59D22411197A005632D0 /* UIView+Extension.m */,
			);
			path = Category;
			sourceTree = "<group>";
		};
		191D59A524111154005632D0 /* Network */ = {
			isa = PBXGroup;
			children = (
			);
			path = Network;
			sourceTree = "<group>";
		};
		191D59A624111154005632D0 /* Common */ = {
			isa = PBXGroup;
			children = (
				193F276024128B200000EB3B /* MjtButton.h */,
				193F275F24128B200000EB3B /* MjtButton.m */,
				191D59B0241111B2005632D0 /* MjtTabBarController.h */,
				191D59B1241111B2005632D0 /* MjtTabBarController.m */,
				191D59B3241112E1005632D0 /* MjtNavigationController.h */,
				191D59B4241112E1005632D0 /* MjtNavigationController.m */,
				193F275324122EC80000EB3B /* MJTConstant.h */,
				193F275424122EC80000EB3B /* MJTConstant.m */,
				193F2764241298B80000EB3B /* MjtBaseButton.h */,
				193F2765241298B80000EB3B /* MjtBaseButton.m */,
				193F27D2241A0DB10000EB3B /* MjtWebView.h */,
				193F27D3241A0DB10000EB3B /* MjtWebView.m */,
				19D60A2B2423723300DE37B8 /* MjtLocationManager.h */,
				19D60A2C2423723300DE37B8 /* MjtLocationManager.m */,
			);
			path = Common;
			sourceTree = "<group>";
		};
		191D59A724111154005632D0 /* Helpers */ = {
			isa = PBXGroup;
			children = (
				193F27D5241A26110000EB3B /* Setting */,
				193F27B32417877A0000EB3B /* EmptyView */,
				193F277024152D3B0000EB3B /* JFCitySelect */,
			);
			path = Helpers;
			sourceTree = "<group>";
		};
		191D59A824111154005632D0 /* Me */ = {
			isa = PBXGroup;
			children = (
				19D609F524222D9C00DE37B8 /* Tool */,
				191D59A924111154005632D0 /* Controller */,
				191D59AA24111154005632D0 /* Model */,
				191D59AB24111154005632D0 /* View */,
			);
			path = Me;
			sourceTree = "<group>";
		};
		191D59A924111154005632D0 /* Controller */ = {
			isa = PBXGroup;
			children = (
				19D609F3242229BC00DE37B8 /* YWAddressViewController.h */,
				19D609F2242229BC00DE37B8 /* YWAddressViewController.m */,
				191D59B92411134F005632D0 /* MineViewController.h */,
				191D59BA2411134F005632D0 /* MineViewController.m */,
				193F27E1241A29A30000EB3B /* MjtSettingVC.h */,
				193F27E2241A29A30000EB3B /* MjtSettingVC.m */,
				19D609DD2422282600DE37B8 /* MjtAddressListVC.h */,
				19D609DE2422282600DE37B8 /* MjtAddressListVC.m */,
			);
			path = Controller;
			sourceTree = "<group>";
		};
		191D59AA24111154005632D0 /* Model */ = {
			isa = PBXGroup;
			children = (
				19341B502428835D00CB82E0 /* me_home.json */,
				19D60A0B242233A200DE37B8 /* Cities.json */,
				19D609EF242229A300DE37B8 /* YWAddressInfoModel.h */,
				19D609F0242229A300DE37B8 /* YWAddressInfoModel.m */,
				193F27A2241765FA0000EB3B /* me_order.json */,
				19D60A282423496D00DE37B8 /* MjtAddressModel.h */,
				19D60A292423496D00DE37B8 /* MjtAddressModel.m */,
			);
			path = Model;
			sourceTree = "<group>";
		};
		191D59AB24111154005632D0 /* View */ = {
			isa = PBXGroup;
			children = (
				19D609E72422298B00DE37B8 /* YWAddressTableViewCell1.h */,
				19D609E32422298B00DE37B8 /* YWAddressTableViewCell1.m */,
				19D609E52422298B00DE37B8 /* YWAddressTableViewCell1.xib */,
				19D609E62422298B00DE37B8 /* YWAddressTableViewCell2.h */,
				19D609E22422298B00DE37B8 /* YWAddressTableViewCell2.m */,
				19D609E02422298A00DE37B8 /* YWAddressTableViewCell2.xib */,
				19D609E82422298B00DE37B8 /* YWAddressTableViewCell3.h */,
				19D609E12422298B00DE37B8 /* YWAddressTableViewCell3.m */,
				19D609E42422298B00DE37B8 /* YWAddressTableViewCell3.xib */,
				19D60A25242326DC00DE37B8 /* MjtAddressCell.h */,
				19D60A26242326DC00DE37B8 /* MjtAddressCell.m */,
			);
			path = View;
			sourceTree = "<group>";
		};
		191D59AC24111154005632D0 /* Mall */ = {
			isa = PBXGroup;
			children = (
				191D59AD24111154005632D0 /* Controller */,
				191D59AE24111154005632D0 /* Model */,
				191D59AF24111154005632D0 /* View */,
			);
			path = Mall;
			sourceTree = "<group>";
		};
		191D59AD24111154005632D0 /* Controller */ = {
			isa = PBXGroup;
			children = (
				191D59C2241113AB005632D0 /* MallViewController.h */,
				191D59C3241113AB005632D0 /* MallViewController.m */,
			);
			path = Controller;
			sourceTree = "<group>";
		};
		191D59AE24111154005632D0 /* Model */ = {
			isa = PBXGroup;
			children = (
			);
			path = Model;
			sourceTree = "<group>";
		};
		191D59AF24111154005632D0 /* View */ = {
			isa = PBXGroup;
			children = (
			);
			path = View;
			sourceTree = "<group>";
		};
		193F277024152D3B0000EB3B /* JFCitySelect */ = {
			isa = PBXGroup;
			children = (
				193F277124152D3B0000EB3B /* Classes */,
				193F278E24152D3B0000EB3B /* Resources */,
			);
			path = JFCitySelect;
			sourceTree = "<group>";
		};
		193F277124152D3B0000EB3B /* Classes */ = {
			isa = PBXGroup;
			children = (
				193F277224152D3B0000EB3B /* JFCSConfiguration.h */,
				193F277324152D3B0000EB3B /* JFCSBaseInfoModel.m */,
				193F277424152D3B0000EB3B /* JFCSCityModel.m */,
				193F277524152D3B0000EB3B /* JFCSAreaModel.h */,
				193F277624152D3B0000EB3B /* JFCSProvinceModel.h */,
				193F277724152D3B0000EB3B /* JFCSDataOpreation.h */,
				193F277824152D3B0000EB3B /* JFCSFileManager.m */,
				193F277924152D3B0000EB3B /* JFCSSearchTableViewController.h */,
				193F278824152D3B0000EB3B /* JFCSSearchTableViewController.m */,
				193F277A24152D3B0000EB3B /* .gitkeep */,
				193F277B24152D3B0000EB3B /* JFCSTopToolsTableViewCell.m */,
				193F277C24152D3B0000EB3B /* JFCSTableViewHeaderView.m */,
				193F277D24152D3B0000EB3B /* JFCSTableViewController.m */,
				193F277E24152D3B0000EB3B /* JFCSPopularCitiesModel.m */,
				193F277F24152D3B0000EB3B /* JFCSData.h */,
				193F278024152D3B0000EB3B /* JFCSCityModel.h */,
				193F278124152D3B0000EB3B /* JFCSBaseInfoModel.h */,
				193F278224152D3B0000EB3B /* JFCSConfiguration.m */,
				193F278324152D3B0000EB3B /* JFCSProvinceModel.m */,
				193F278424152D3B0000EB3B /* JFCSAreaModel.m */,
				193F278524152D3B0000EB3B /* JFCSTopToolsTableViewCell.h */,
				193F278624152D3B0000EB3B /* JFCitySelector.h */,
				193F278724152D3B0000EB3B /* JFCSFileManager.h */,
				193F278924152D3B0000EB3B /* JFCSDataOpreation.m */,
				193F278A24152D3B0000EB3B /* JFCSData.m */,
				193F278B24152D3B0000EB3B /* JFCSPopularCitiesModel.h */,
				193F278C24152D3B0000EB3B /* JFCSTableViewController.h */,
				193F278D24152D3B0000EB3B /* JFCSTableViewHeaderView.h */,
			);
			path = Classes;
			sourceTree = "<group>";
		};
		193F278E24152D3B0000EB3B /* Resources */ = {
			isa = PBXGroup;
			children = (
				193F278F24152D3B0000EB3B /* JFCitySelector.bundle */,
			);
			path = Resources;
			sourceTree = "<group>";
		};
		193F27B32417877A0000EB3B /* EmptyView */ = {
			isa = PBXGroup;
			children = (
				193F27B62417877A0000EB3B /* XLBaseTableController.h */,
				193F27B42417877A0000EB3B /* XLBaseTableController.m */,
				193F27B52417877A0000EB3B /* UIScrollView+EmptyDataSet.m */,
				193F27B72417877A0000EB3B /* UIScrollView+EmptyDataSet.h */,
			);
			path = EmptyView;
			sourceTree = "<group>";
		};
		193F27BD2417997B0000EB3B /* Login */ = {
			isa = PBXGroup;
			children = (
				193F27BE2417997B0000EB3B /* Controller */,
				193F27BF2417997B0000EB3B /* Model */,
				193F27C02417997B0000EB3B /* View */,
			);
			path = Login;
			sourceTree = "<group>";
		};
		193F27BE2417997B0000EB3B /* Controller */ = {
			isa = PBXGroup;
			children = (
				193F27C12417998C0000EB3B /* MjtLoginVC.h */,
				193F27C22417998C0000EB3B /* MjtLoginVC.m */,
				193F27C82418C0E20000EB3B /* MjtRegisterVC.h */,
				193F27C92418C0E20000EB3B /* MjtRegisterVC.m */,
			);
			path = Controller;
			sourceTree = "<group>";
		};
		193F27BF2417997B0000EB3B /* Model */ = {
			isa = PBXGroup;
			children = (
			);
			path = Model;
			sourceTree = "<group>";
		};
		193F27C02417997B0000EB3B /* View */ = {
			isa = PBXGroup;
			children = (
				193F27CB2418C38F0000EB3B /* MjtTextField.h */,
				193F27CC2418C38F0000EB3B /* MjtTextField.m */,
			);
			path = View;
			sourceTree = "<group>";
		};
		193F27CE2418CE270000EB3B /* Tools */ = {
			isa = PBXGroup;
			children = (
				193F27D02418CE320000EB3B /* GSProxy.h */,
				193F27CF2418CE320000EB3B /* GSProxy.m */,
			);
			path = Tools;
			sourceTree = "<group>";
		};
		193F27D5241A26110000EB3B /* Setting */ = {
			isa = PBXGroup;
			children = (
				193F27D6241A263C0000EB3B /* Model */,
				193F27D7241A263C0000EB3B /* View */,
			);
			path = Setting;
			sourceTree = "<group>";
		};
		193F27D6241A263C0000EB3B /* Model */ = {
			isa = PBXGroup;
			children = (
				193F27D8241A265C0000EB3B /* MjtSettingItemModel.h */,
				193F27D9241A265C0000EB3B /* MjtSettingItemModel.m */,
				193F27DB241A27610000EB3B /* MjtSettingSectionModel.h */,
				193F27DC241A27610000EB3B /* MjtSettingSectionModel.m */,
			);
			path = Model;
			sourceTree = "<group>";
		};
		193F27D7241A263C0000EB3B /* View */ = {
			isa = PBXGroup;
			children = (
				193F27DE241A27AE0000EB3B /* MjtSettingCell.h */,
				193F27DF241A27AE0000EB3B /* MjtSettingCell.m */,
			);
			path = View;
			sourceTree = "<group>";
		};
		19D609F524222D9C00DE37B8 /* Tool */ = {
			isa = PBXGroup;
			children = (
				19D60A0D2423172A00DE37B8 /* Address */,
				19D60A052422302200DE37B8 /* YWTool.h */,
				19D60A062422302200DE37B8 /* YWTool.m */,
			);
			path = Tool;
			sourceTree = "<group>";
		};
		19D60A0D2423172A00DE37B8 /* Address */ = {
			isa = PBXGroup;
			children = (
				19D60A0E2423172A00DE37B8 /* AddressCell.h */,
				19D60A0F2423172A00DE37B8 /* ZHFAddTitleAddressView.m */,
				19D60A102423172A00DE37B8 /* TownModel.m */,
				19D60A112423172A00DE37B8 /* CityModel.m */,
				19D60A122423172A00DE37B8 /* HttpRequest.m */,
				19D60A132423172A00DE37B8 /* ProvinceModel.h */,
				19D60A142423172A00DE37B8 /* CountyModel.h */,
				19D60A152423172A00DE37B8 /* AddressCell.m */,
				19D60A162423172A00DE37B8 /* ZHFAddTitleAddressView.h */,
				19D60A172423172A00DE37B8 /* ProvinceModel.m */,
				19D60A182423172A00DE37B8 /* HttpRequest.h */,
				19D60A192423172A00DE37B8 /* CityModel.h */,
				19D60A1A2423172A00DE37B8 /* TownModel.h */,
				19D60A1B2423172A00DE37B8 /* CountyModel.m */,
				19D60A1C2423172A00DE37B8 /* location.txt */,
			);
			path = Address;
			sourceTree = "<group>";
		};
		C5107FA2523E0BEC7DC52C6A /* Frameworks */ = {
			isa = PBXGroup;
			children = (
				FCEA2ABD1D34B189B2303651 /* libPods-MeijiaRabbit.a */,
			);
			name = Frameworks;
			sourceTree = "<group>";
		};
/* End PBXGroup section */

/* Begin PBXNativeTarget section */
		1911AD18240E20BC006FB7A3 /* MeijiaRabbit */ = {
			isa = PBXNativeTarget;
			buildConfigurationList = 1911AD32240E20BE006FB7A3 /* Build configuration list for PBXNativeTarget "MeijiaRabbit" */;
			buildPhases = (
				98F918A8455D7E989300466C /* [CP] Check Pods Manifest.lock */,
				1911AD15240E20BC006FB7A3 /* Sources */,
				1911AD16240E20BC006FB7A3 /* Frameworks */,
				1911AD17240E20BC006FB7A3 /* Resources */,
				AD7688F8A05C4B4E6E2A15FF /* [CP] Copy Pods Resources */,
			);
			buildRules = (
			);
			dependencies = (
			);
			name = MeijiaRabbit;
			productName = MeijiaRabbit;
			productReference = 1911AD19240E20BC006FB7A3 /* 美嘉兔.app */;
			productType = "com.apple.product-type.application";
		};
/* End PBXNativeTarget section */

/* Begin PBXProject section */
		1911AD11240E20BC006FB7A3 /* Project object */ = {
			isa = PBXProject;
			attributes = {
				LastUpgradeCheck = 1130;
				ORGANIZATIONNAME = "管章鹏";
				TargetAttributes = {
					1911AD18240E20BC006FB7A3 = {
						CreatedOnToolsVersion = 11.3;
					};
				};
			};
			buildConfigurationList = 1911AD14240E20BC006FB7A3 /* Build configuration list for PBXProject "MeijiaRabbit" */;
			compatibilityVersion = "Xcode 9.3";
			developmentRegion = en;
			hasScannedForEncodings = 0;
			knownRegions = (
				en,
				Base,
			);
			mainGroup = 1911AD10240E20BC006FB7A3;
			productRefGroup = 1911AD1A240E20BC006FB7A3 /* Products */;
			projectDirPath = "";
			projectRoot = "";
			targets = (
				1911AD18240E20BC006FB7A3 /* MeijiaRabbit */,
			);
		};
/* End PBXProject section */

/* Begin PBXResourcesBuildPhase section */
		1911AD17240E20BC006FB7A3 /* Resources */ = {
			isa = PBXResourcesBuildPhase;
			buildActionMask = 2147483647;
			files = (
				193F276324128D0B0000EB3B /* guide.json in Resources */,
				193F27A3241765FA0000EB3B /* me_order.json in Resources */,
				19D60A35242494A700DE37B8 /* MjtDesignCell.xib in Resources */,
				193F279E24152D3B0000EB3B /* JFCitySelector.bundle in Resources */,
				19D60A242423172A00DE37B8 /* location.txt in Resources */,
				1911AD2C240E20BE006FB7A3 /* LaunchScreen.storyboard in Resources */,
				193F279324152D3B0000EB3B /* .gitkeep in Resources */,
				1911AD29240E20BE006FB7A3 /* Assets.xcassets in Resources */,
				19D609EE2422298B00DE37B8 /* YWAddressTableViewCell1.xib in Resources */,
				19D609ED2422298B00DE37B8 /* YWAddressTableViewCell3.xib in Resources */,
				19341B512428835D00CB82E0 /* me_home.json in Resources */,
				19D60A0C242233A200DE37B8 /* Cities.json in Resources */,
				1911AD27240E20BC006FB7A3 /* Main.storyboard in Resources */,
				19D609E92422298B00DE37B8 /* YWAddressTableViewCell2.xib in Resources */,
			);
			runOnlyForDeploymentPostprocessing = 0;
		};
/* End PBXResourcesBuildPhase section */

/* Begin PBXShellScriptBuildPhase section */
		98F918A8455D7E989300466C /* [CP] Check Pods Manifest.lock */ = {
			isa = PBXShellScriptBuildPhase;
			buildActionMask = 2147483647;
			files = (
			);
			inputFileListPaths = (
			);
			inputPaths = (
				"${PODS_PODFILE_DIR_PATH}/Podfile.lock",
				"${PODS_ROOT}/Manifest.lock",
			);
			name = "[CP] Check Pods Manifest.lock";
			outputFileListPaths = (
			);
			outputPaths = (
				"$(DERIVED_FILE_DIR)/Pods-MeijiaRabbit-checkManifestLockResult.txt",
			);
			runOnlyForDeploymentPostprocessing = 0;
			shellPath = /bin/sh;
			shellScript = "diff \"${PODS_PODFILE_DIR_PATH}/Podfile.lock\" \"${PODS_ROOT}/Manifest.lock\" > /dev/null\nif [ $? != 0 ] ; then\n    # print error to STDERR\n    echo \"error: The sandbox is not in sync with the Podfile.lock. Run 'pod install' or update your CocoaPods installation.\" >&2\n    exit 1\nfi\n# This output is used by Xcode 'outputs' to avoid re-running this script phase.\necho \"SUCCESS\" > \"${SCRIPT_OUTPUT_FILE_0}\"\n";
			showEnvVarsInLog = 0;
		};
		AD7688F8A05C4B4E6E2A15FF /* [CP] Copy Pods Resources */ = {
			isa = PBXShellScriptBuildPhase;
			buildActionMask = 2147483647;
			files = (
			);
			inputFileListPaths = (
			);
			inputPaths = (
				"${PODS_ROOT}/Target Support Files/Pods-MeijiaRabbit/Pods-MeijiaRabbit-resources.sh",
				"${PODS_CONFIGURATION_BUILD_DIR}/IQKeyboardManager/IQKeyboardManager.bundle",
				"${PODS_ROOT}/MJRefresh/MJRefresh/MJRefresh.bundle",
			);
			name = "[CP] Copy Pods Resources";
			outputFileListPaths = (
			);
			outputPaths = (
				"${TARGET_BUILD_DIR}/${UNLOCALIZED_RESOURCES_FOLDER_PATH}/IQKeyboardManager.bundle",
				"${TARGET_BUILD_DIR}/${UNLOCALIZED_RESOURCES_FOLDER_PATH}/MJRefresh.bundle",
			);
			runOnlyForDeploymentPostprocessing = 0;
			shellPath = /bin/sh;
			shellScript = "\"${PODS_ROOT}/Target Support Files/Pods-MeijiaRabbit/Pods-MeijiaRabbit-resources.sh\"\n";
			showEnvVarsInLog = 0;
		};
/* End PBXShellScriptBuildPhase section */

/* Begin PBXSourcesBuildPhase section */
		1911AD15240E20BC006FB7A3 /* Sources */ = {
			isa = PBXSourcesBuildPhase;
			buildActionMask = 2147483647;
			files = (
				191D59F02411197A005632D0 /* UILabel+Utility.m in Sources */,
				19D60A202423172A00DE37B8 /* HttpRequest.m in Sources */,
				19D60A1E2423172A00DE37B8 /* TownModel.m in Sources */,
				191D59E62411197A005632D0 /* UIImage+Extension.m in Sources */,
				19D60A27242326DC00DE37B8 /* MjtAddressCell.m in Sources */,
				19D609EA2422298B00DE37B8 /* YWAddressTableViewCell3.m in Sources */,
				19D60A2A2423496D00DE37B8 /* MjtAddressModel.m in Sources */,
				193F27D12418CE320000EB3B /* GSProxy.m in Sources */,
				193F27B2241786CC0000EB3B /* MjtMessageListVC.m in Sources */,
				193F27B82417877A0000EB3B /* XLBaseTableController.m in Sources */,
				193F27C32417998C0000EB3B /* MjtLoginVC.m in Sources */,
				193F275B2412653B0000EB3B /* MjtTipView.m in Sources */,
				193F27A924177C9D0000EB3B /* MjtMessageBaseVC.m in Sources */,
				193F279424152D3B0000EB3B /* JFCSTopToolsTableViewCell.m in Sources */,
				193F279A24152D3B0000EB3B /* JFCSAreaModel.m in Sources */,
				191D59B5241112E1005632D0 /* MjtNavigationController.m in Sources */,
				193F27D4241A0DB10000EB3B /* MjtWebView.m in Sources */,
				193F27A124152EF70000EB3B /* UIViewController+LL_Utils.m in Sources */,
				19D609EC2422298B00DE37B8 /* YWAddressTableViewCell1.m in Sources */,
				191D59E22411197A005632D0 /* UITextView+Extension.m in Sources */,
				193F279524152D3B0000EB3B /* JFCSTableViewHeaderView.m in Sources */,
				193F27CD2418C38F0000EB3B /* MjtTextField.m in Sources */,
				193F27692413A9EA0000EB3B /* MjtSpecialPriceCell.m in Sources */,
				19D60A232423172A00DE37B8 /* CountyModel.m in Sources */,
				193F279824152D3B0000EB3B /* JFCSConfiguration.m in Sources */,
				193F2766241298B80000EB3B /* MjtBaseButton.m in Sources */,
				193F27AC24177E640000EB3B /* MjtSysMessageVC.m in Sources */,
				19D60A2D2423723300DE37B8 /* MjtLocationManager.m in Sources */,
				193F275E24128ABE0000EB3B /* MjtGuideView.m in Sources */,
				193F27AF24177E940000EB3B /* MjtOrderMessageVC.m in Sources */,
				193F279124152D3B0000EB3B /* JFCSCityModel.m in Sources */,
				191D59EF2411197A005632D0 /* NSString+Extension.m in Sources */,
				193F27B92417877A0000EB3B /* UIScrollView+EmptyDataSet.m in Sources */,
				19D609F4242229BC00DE37B8 /* YWAddressViewController.m in Sources */,
				193F279B24152D3B0000EB3B /* JFCSSearchTableViewController.m in Sources */,
				193F279224152D3B0000EB3B /* JFCSFileManager.m in Sources */,
				193F275524122EC90000EB3B /* MJTConstant.m in Sources */,
				19D60A092422302200DE37B8 /* YWTool.m in Sources */,
				1911AD1E240E20BC006FB7A3 /* AppDelegate.m in Sources */,
				19D60A212423172A00DE37B8 /* AddressCell.m in Sources */,
				191D59EA2411197A005632D0 /* UIView+Extension.m in Sources */,
				19D60A34242494A700DE37B8 /* MjtDesignCell.m in Sources */,
				191D59EB2411197A005632D0 /* UIColor+Extension.m in Sources */,
				193F275824125CE80000EB3B /* MjtView.m in Sources */,
				193F27E0241A27AE0000EB3B /* MjtSettingCell.m in Sources */,
				1911AD2F240E20BE006FB7A3 /* main.m in Sources */,
				193F279024152D3B0000EB3B /* JFCSBaseInfoModel.m in Sources */,
				193F279C24152D3B0000EB3B /* JFCSDataOpreation.m in Sources */,
				191D59E92411197A005632D0 /* UIButton+Extension.m in Sources */,
				191D59ED2411197A005632D0 /* UIButton+Delay.m in Sources */,
				193F279924152D3B0000EB3B /* JFCSProvinceModel.m in Sources */,
				191D59C4241113AB005632D0 /* MallViewController.m in Sources */,
				193F276124128B200000EB3B /* MjtButton.m in Sources */,
				191D59C124111390005632D0 /* DesignViewController.m in Sources */,
				19D60A1D2423172A00DE37B8 /* ZHFAddTitleAddressView.m in Sources */,
				193F27CA2418C0E20000EB3B /* MjtRegisterVC.m in Sources */,
				19D60A222423172A00DE37B8 /* ProvinceModel.m in Sources */,
				193F279D24152D3B0000EB3B /* JFCSData.m in Sources */,
				193F276C2413D05A0000EB3B /* MjtRecommendView.m in Sources */,
				19D609EB2422298B00DE37B8 /* YWAddressTableViewCell2.m in Sources */,
				193F27DA241A265C0000EB3B /* MjtSettingItemModel.m in Sources */,
				19D609F1242229A300DE37B8 /* YWAddressInfoModel.m in Sources */,
				191D59E82411197A005632D0 /* UITabBar+Extension.m in Sources */,
				191D59B824111327005632D0 /* HomeViewController.m in Sources */,
				191D59E42411197A005632D0 /* UIButton+touch.m in Sources */,
				193F27DD241A27610000EB3B /* MjtSettingSectionModel.m in Sources */,
				19D609DF2422282600DE37B8 /* MjtAddressListVC.m in Sources */,
				191D59B2241111B2005632D0 /* MjtTabBarController.m in Sources */,
				193F27E3241A29A30000EB3B /* MjtSettingVC.m in Sources */,
				19D60A1F2423172A00DE37B8 /* CityModel.m in Sources */,
				193F279724152D3B0000EB3B /* JFCSPopularCitiesModel.m in Sources */,
				193F279624152D3B0000EB3B /* JFCSTableViewController.m in Sources */,
				191D59BB2411134F005632D0 /* MineViewController.m in Sources */,
				191D59E32411197A005632D0 /* NullSafe.m in Sources */,
			);
			runOnlyForDeploymentPostprocessing = 0;
		};
/* End PBXSourcesBuildPhase section */

/* Begin PBXVariantGroup section */
		1911AD25240E20BC006FB7A3 /* Main.storyboard */ = {
			isa = PBXVariantGroup;
			children = (
				1911AD26240E20BC006FB7A3 /* Base */,
			);
			name = Main.storyboard;
			sourceTree = "<group>";
		};
		1911AD2A240E20BE006FB7A3 /* LaunchScreen.storyboard */ = {
			isa = PBXVariantGroup;
			children = (
				1911AD2B240E20BE006FB7A3 /* Base */,
			);
			name = LaunchScreen.storyboard;
			sourceTree = "<group>";
		};
/* End PBXVariantGroup section */

/* Begin XCBuildConfiguration section */
		1911AD30240E20BE006FB7A3 /* Debug */ = {
			isa = XCBuildConfiguration;
			buildSettings = {
				ALWAYS_SEARCH_USER_PATHS = NO;
				CLANG_ANALYZER_NONNULL = YES;
				CLANG_ANALYZER_NUMBER_OBJECT_CONVERSION = YES_AGGRESSIVE;
				CLANG_CXX_LANGUAGE_STANDARD = "gnu++14";
				CLANG_CXX_LIBRARY = "libc++";
				CLANG_ENABLE_MODULES = YES;
				CLANG_ENABLE_OBJC_ARC = YES;
				CLANG_ENABLE_OBJC_WEAK = YES;
				CLANG_WARN_BLOCK_CAPTURE_AUTORELEASING = YES;
				CLANG_WARN_BOOL_CONVERSION = YES;
				CLANG_WARN_COMMA = YES;
				CLANG_WARN_CONSTANT_CONVERSION = YES;
				CLANG_WARN_DEPRECATED_OBJC_IMPLEMENTATIONS = YES;
				CLANG_WARN_DIRECT_OBJC_ISA_USAGE = YES_ERROR;
				CLANG_WARN_DOCUMENTATION_COMMENTS = YES;
				CLANG_WARN_EMPTY_BODY = YES;
				CLANG_WARN_ENUM_CONVERSION = YES;
				CLANG_WARN_INFINITE_RECURSION = YES;
				CLANG_WARN_INT_CONVERSION = YES;
				CLANG_WARN_NON_LITERAL_NULL_CONVERSION = YES;
				CLANG_WARN_OBJC_IMPLICIT_RETAIN_SELF = YES;
				CLANG_WARN_OBJC_LITERAL_CONVERSION = YES;
				CLANG_WARN_OBJC_ROOT_CLASS = YES_ERROR;
				CLANG_WARN_RANGE_LOOP_ANALYSIS = YES;
				CLANG_WARN_STRICT_PROTOTYPES = YES;
				CLANG_WARN_SUSPICIOUS_MOVE = YES;
				CLANG_WARN_UNGUARDED_AVAILABILITY = YES_AGGRESSIVE;
				CLANG_WARN_UNREACHABLE_CODE = YES;
				CLANG_WARN__DUPLICATE_METHOD_MATCH = YES;
				COPY_PHASE_STRIP = NO;
				DEBUG_INFORMATION_FORMAT = dwarf;
				ENABLE_STRICT_OBJC_MSGSEND = YES;
				ENABLE_TESTABILITY = YES;
				GCC_C_LANGUAGE_STANDARD = gnu11;
				GCC_DYNAMIC_NO_PIC = NO;
				GCC_NO_COMMON_BLOCKS = YES;
				GCC_OPTIMIZATION_LEVEL = 0;
				GCC_PREPROCESSOR_DEFINITIONS = (
					"DEBUG=1",
					"$(inherited)",
				);
				GCC_WARN_64_TO_32_BIT_CONVERSION = YES;
				GCC_WARN_ABOUT_RETURN_TYPE = YES_ERROR;
				GCC_WARN_UNDECLARED_SELECTOR = YES;
				GCC_WARN_UNINITIALIZED_AUTOS = YES_AGGRESSIVE;
				GCC_WARN_UNUSED_FUNCTION = YES;
				GCC_WARN_UNUSED_VARIABLE = YES;
				IPHONEOS_DEPLOYMENT_TARGET = 10.0;
				MTL_ENABLE_DEBUG_INFO = INCLUDE_SOURCE;
				MTL_FAST_MATH = YES;
				ONLY_ACTIVE_ARCH = YES;
				SDKROOT = iphoneos;
			};
			name = Debug;
		};
		1911AD31240E20BE006FB7A3 /* Release */ = {
			isa = XCBuildConfiguration;
			buildSettings = {
				ALWAYS_SEARCH_USER_PATHS = NO;
				CLANG_ANALYZER_NONNULL = YES;
				CLANG_ANALYZER_NUMBER_OBJECT_CONVERSION = YES_AGGRESSIVE;
				CLANG_CXX_LANGUAGE_STANDARD = "gnu++14";
				CLANG_CXX_LIBRARY = "libc++";
				CLANG_ENABLE_MODULES = YES;
				CLANG_ENABLE_OBJC_ARC = YES;
				CLANG_ENABLE_OBJC_WEAK = YES;
				CLANG_WARN_BLOCK_CAPTURE_AUTORELEASING = YES;
				CLANG_WARN_BOOL_CONVERSION = YES;
				CLANG_WARN_COMMA = YES;
				CLANG_WARN_CONSTANT_CONVERSION = YES;
				CLANG_WARN_DEPRECATED_OBJC_IMPLEMENTATIONS = YES;
				CLANG_WARN_DIRECT_OBJC_ISA_USAGE = YES_ERROR;
				CLANG_WARN_DOCUMENTATION_COMMENTS = YES;
				CLANG_WARN_EMPTY_BODY = YES;
				CLANG_WARN_ENUM_CONVERSION = YES;
				CLANG_WARN_INFINITE_RECURSION = YES;
				CLANG_WARN_INT_CONVERSION = YES;
				CLANG_WARN_NON_LITERAL_NULL_CONVERSION = YES;
				CLANG_WARN_OBJC_IMPLICIT_RETAIN_SELF = YES;
				CLANG_WARN_OBJC_LITERAL_CONVERSION = YES;
				CLANG_WARN_OBJC_ROOT_CLASS = YES_ERROR;
				CLANG_WARN_RANGE_LOOP_ANALYSIS = YES;
				CLANG_WARN_STRICT_PROTOTYPES = YES;
				CLANG_WARN_SUSPICIOUS_MOVE = YES;
				CLANG_WARN_UNGUARDED_AVAILABILITY = YES_AGGRESSIVE;
				CLANG_WARN_UNREACHABLE_CODE = YES;
				CLANG_WARN__DUPLICATE_METHOD_MATCH = YES;
				COPY_PHASE_STRIP = NO;
				DEBUG_INFORMATION_FORMAT = "dwarf-with-dsym";
				ENABLE_NS_ASSERTIONS = NO;
				ENABLE_STRICT_OBJC_MSGSEND = YES;
				GCC_C_LANGUAGE_STANDARD = gnu11;
				GCC_NO_COMMON_BLOCKS = YES;
				GCC_WARN_64_TO_32_BIT_CONVERSION = YES;
				GCC_WARN_ABOUT_RETURN_TYPE = YES_ERROR;
				GCC_WARN_UNDECLARED_SELECTOR = YES;
				GCC_WARN_UNINITIALIZED_AUTOS = YES_AGGRESSIVE;
				GCC_WARN_UNUSED_FUNCTION = YES;
				GCC_WARN_UNUSED_VARIABLE = YES;
				IPHONEOS_DEPLOYMENT_TARGET = 10.0;
				MTL_ENABLE_DEBUG_INFO = NO;
				MTL_FAST_MATH = YES;
				SDKROOT = iphoneos;
				VALIDATE_PRODUCT = YES;
			};
			name = Release;
		};
		1911AD33240E20BE006FB7A3 /* Debug */ = {
			isa = XCBuildConfiguration;
			baseConfigurationReference = 7255A99E89965AFFC179CF81 /* Pods-MeijiaRabbit.debug.xcconfig */;
			buildSettings = {
				ASSETCATALOG_COMPILER_APPICON_NAME = AppIcon;
				CODE_SIGN_STYLE = Automatic;
				DEVELOPMENT_TEAM = 92LUBU67XF;
				GCC_PRECOMPILE_PREFIX_HEADER = YES;
				GCC_PREFIX_HEADER = "$(SRCROOT)/MeijiaRabbit/MeijiaRabbit.pch";
				INFOPLIST_FILE = MeijiaRabbit/Info.plist;
				LD_RUNPATH_SEARCH_PATHS = (
					"$(inherited)",
					"@executable_path/Frameworks",
				);
				PRODUCT_BUNDLE_IDENTIFIER = com.stw.mjt.MeijiaRabbit;
				PRODUCT_NAME = "美嘉兔";
				TARGETED_DEVICE_FAMILY = 1;
			};
			name = Debug;
		};
		1911AD34240E20BE006FB7A3 /* Release */ = {
			isa = XCBuildConfiguration;
			baseConfigurationReference = 806116D83EB142983DBD7E40 /* Pods-MeijiaRabbit.release.xcconfig */;
			buildSettings = {
				ASSETCATALOG_COMPILER_APPICON_NAME = AppIcon;
				CODE_SIGN_STYLE = Automatic;
				DEVELOPMENT_TEAM = 92LUBU67XF;
				GCC_PRECOMPILE_PREFIX_HEADER = YES;
				GCC_PREFIX_HEADER = "$(SRCROOT)/MeijiaRabbit/MeijiaRabbit.pch";
				INFOPLIST_FILE = MeijiaRabbit/Info.plist;
				LD_RUNPATH_SEARCH_PATHS = (
					"$(inherited)",
					"@executable_path/Frameworks",
				);
				PRODUCT_BUNDLE_IDENTIFIER = com.stw.mjt.MeijiaRabbit;
				PRODUCT_NAME = "美嘉兔";
				TARGETED_DEVICE_FAMILY = 1;
			};
			name = Release;
		};
/* End XCBuildConfiguration section */

/* Begin XCConfigurationList section */
		1911AD14240E20BC006FB7A3 /* Build configuration list for PBXProject "MeijiaRabbit" */ = {
			isa = XCConfigurationList;
			buildConfigurations = (
				1911AD30240E20BE006FB7A3 /* Debug */,
				1911AD31240E20BE006FB7A3 /* Release */,
			);
			defaultConfigurationIsVisible = 0;
			defaultConfigurationName = Release;
		};
		1911AD32240E20BE006FB7A3 /* Build configuration list for PBXNativeTarget "MeijiaRabbit" */ = {
			isa = XCConfigurationList;
			buildConfigurations = (
				1911AD33240E20BE006FB7A3 /* Debug */,
				1911AD34240E20BE006FB7A3 /* Release */,
			);
			defaultConfigurationIsVisible = 0;
			defaultConfigurationName = Release;
		};
/* End XCConfigurationList section */
	};
	rootObject = 1911AD11240E20BC006FB7A3 /* Project object */;
}
